// !$*UTF8*$!
{
	archiveVersion = 1;
	classes = {
	};
	objectVersion = 48;
	objects = {

/* Begin PBXBuildFile section */
		D05B92711FED044F006C918C /* UIImageExtensions.swift in Sources */ = {isa = PBXBuildFile; fileRef = D05B92701FED044F006C918C /* UIImageExtensions.swift */; };
		D05B92721FED044F006C918C /* UIImageExtensions.swift in Sources */ = {isa = PBXBuildFile; fileRef = D05B92701FED044F006C918C /* UIImageExtensions.swift */; };
		D05B92731FED044F006C918C /* UIImageExtensions.swift in Sources */ = {isa = PBXBuildFile; fileRef = D05B92701FED044F006C918C /* UIImageExtensions.swift */; };
		D06DAEA11FDBC08E004AB12C /* NSPredicateExtensions.swift in Sources */ = {isa = PBXBuildFile; fileRef = D06DAEA01FDBC08E004AB12C /* NSPredicateExtensions.swift */; };
		D06DAEA21FDBC08E004AB12C /* NSPredicateExtensions.swift in Sources */ = {isa = PBXBuildFile; fileRef = D06DAEA01FDBC08E004AB12C /* NSPredicateExtensions.swift */; };
		D06DAEA31FDBC08E004AB12C /* NSPredicateExtensions.swift in Sources */ = {isa = PBXBuildFile; fileRef = D06DAEA01FDBC08E004AB12C /* NSPredicateExtensions.swift */; };
		D06DAEA41FDBC08E004AB12C /* NSPredicateExtensions.swift in Sources */ = {isa = PBXBuildFile; fileRef = D06DAEA01FDBC08E004AB12C /* NSPredicateExtensions.swift */; };
		D06DAEA61FDBC137004AB12C /* URLExtensions.swift in Sources */ = {isa = PBXBuildFile; fileRef = D06DAEA51FDBC137004AB12C /* URLExtensions.swift */; };
		D06DAEA71FDBC137004AB12C /* URLExtensions.swift in Sources */ = {isa = PBXBuildFile; fileRef = D06DAEA51FDBC137004AB12C /* URLExtensions.swift */; };
		D06DAEA81FDBC137004AB12C /* URLExtensions.swift in Sources */ = {isa = PBXBuildFile; fileRef = D06DAEA51FDBC137004AB12C /* URLExtensions.swift */; };
		D06DAEA91FDBC137004AB12C /* URLExtensions.swift in Sources */ = {isa = PBXBuildFile; fileRef = D06DAEA51FDBC137004AB12C /* URLExtensions.swift */; };
		D06DAEAB1FDBC2AC004AB12C /* URLRequestExtensions.swift in Sources */ = {isa = PBXBuildFile; fileRef = D06DAEAA1FDBC2AC004AB12C /* URLRequestExtensions.swift */; };
		D06DAEAC1FDBC2AC004AB12C /* URLRequestExtensions.swift in Sources */ = {isa = PBXBuildFile; fileRef = D06DAEAA1FDBC2AC004AB12C /* URLRequestExtensions.swift */; };
		D06DAEAD1FDBC2AC004AB12C /* URLRequestExtensions.swift in Sources */ = {isa = PBXBuildFile; fileRef = D06DAEAA1FDBC2AC004AB12C /* URLRequestExtensions.swift */; };
		D06DAEAE1FDBC2AC004AB12C /* URLRequestExtensions.swift in Sources */ = {isa = PBXBuildFile; fileRef = D06DAEAA1FDBC2AC004AB12C /* URLRequestExtensions.swift */; };
		D06DAEB01FDBC2E9004AB12C /* UserDefaultsExtensions.swift in Sources */ = {isa = PBXBuildFile; fileRef = D06DAEAF1FDBC2E9004AB12C /* UserDefaultsExtensions.swift */; };
		D06DAEB11FDBC2E9004AB12C /* UserDefaultsExtensions.swift in Sources */ = {isa = PBXBuildFile; fileRef = D06DAEAF1FDBC2E9004AB12C /* UserDefaultsExtensions.swift */; };
		D06DAEB21FDBC2E9004AB12C /* UserDefaultsExtensions.swift in Sources */ = {isa = PBXBuildFile; fileRef = D06DAEAF1FDBC2E9004AB12C /* UserDefaultsExtensions.swift */; };
		D06DAEB31FDBC2E9004AB12C /* UserDefaultsExtensions.swift in Sources */ = {isa = PBXBuildFile; fileRef = D06DAEAF1FDBC2E9004AB12C /* UserDefaultsExtensions.swift */; };
		D06DAEB51FDBC990004AB12C /* NotificationCenterExtensions.swift in Sources */ = {isa = PBXBuildFile; fileRef = D06DAEB41FDBC990004AB12C /* NotificationCenterExtensions.swift */; };
		D06DAEB61FDBC990004AB12C /* NotificationCenterExtensions.swift in Sources */ = {isa = PBXBuildFile; fileRef = D06DAEB41FDBC990004AB12C /* NotificationCenterExtensions.swift */; };
		D06DAEB71FDBC990004AB12C /* NotificationCenterExtensions.swift in Sources */ = {isa = PBXBuildFile; fileRef = D06DAEB41FDBC990004AB12C /* NotificationCenterExtensions.swift */; };
		D06DAEB81FDBC990004AB12C /* NotificationCenterExtensions.swift in Sources */ = {isa = PBXBuildFile; fileRef = D06DAEB41FDBC990004AB12C /* NotificationCenterExtensions.swift */; };
		D06DAEDA1FDD4ABE004AB12C /* NSKeyedUnarchiverExtensions.swift in Sources */ = {isa = PBXBuildFile; fileRef = D06DAED91FDD4ABE004AB12C /* NSKeyedUnarchiverExtensions.swift */; };
		D06DAEDB1FDD4ABE004AB12C /* NSKeyedUnarchiverExtensions.swift in Sources */ = {isa = PBXBuildFile; fileRef = D06DAED91FDD4ABE004AB12C /* NSKeyedUnarchiverExtensions.swift */; };
		D06DAEDC1FDD4ABE004AB12C /* NSKeyedUnarchiverExtensions.swift in Sources */ = {isa = PBXBuildFile; fileRef = D06DAED91FDD4ABE004AB12C /* NSKeyedUnarchiverExtensions.swift */; };
		D06DAEDD1FDD4ABE004AB12C /* NSKeyedUnarchiverExtensions.swift in Sources */ = {isa = PBXBuildFile; fileRef = D06DAED91FDD4ABE004AB12C /* NSKeyedUnarchiverExtensions.swift */; };
		D06DAEE61FDD7BF2004AB12C /* BundleExtensions.swift in Sources */ = {isa = PBXBuildFile; fileRef = D06DAEE51FDD7BF2004AB12C /* BundleExtensions.swift */; };
		D06FEAC71FE13628006D7915 /* CGFloatExtensions.swift in Sources */ = {isa = PBXBuildFile; fileRef = D06FEAC61FE13628006D7915 /* CGFloatExtensions.swift */; };
		D06FEAC81FE13630006D7915 /* CGFloatExtensions.swift in Sources */ = {isa = PBXBuildFile; fileRef = D06FEAC61FE13628006D7915 /* CGFloatExtensions.swift */; };
		D06FEAC91FE13630006D7915 /* CGFloatExtensions.swift in Sources */ = {isa = PBXBuildFile; fileRef = D06FEAC61FE13628006D7915 /* CGFloatExtensions.swift */; };
		D06FEACA1FE13631006D7915 /* CGFloatExtensions.swift in Sources */ = {isa = PBXBuildFile; fileRef = D06FEAC61FE13628006D7915 /* CGFloatExtensions.swift */; };
		D0A2DCCF1FD93FD100AB456C /* Info.plist in Resources */ = {isa = PBXBuildFile; fileRef = D0A2DCCE1FD93FD000AB456C /* Info.plist */; };
		D0A2DCE31FD9406D00AB456C /* include.h in Headers */ = {isa = PBXBuildFile; fileRef = D0A2DCD11FD9406C00AB456C /* include.h */; };
		D0A2DCE41FD9406D00AB456C /* DataExtensions.swift in Sources */ = {isa = PBXBuildFile; fileRef = D0A2DCD41FD9406C00AB456C /* DataExtensions.swift */; };
		D0A2DCE51FD9406D00AB456C /* SignedIntegerExtensions.swift in Sources */ = {isa = PBXBuildFile; fileRef = D0A2DCD61FD9406D00AB456C /* SignedIntegerExtensions.swift */; };
		D0A2DCE61FD9406D00AB456C /* ArrayExtensions.swift in Sources */ = {isa = PBXBuildFile; fileRef = D0A2DCD71FD9406D00AB456C /* ArrayExtensions.swift */; };
		D0A2DCE71FD9406D00AB456C /* FloatExtensions.swift in Sources */ = {isa = PBXBuildFile; fileRef = D0A2DCD81FD9406D00AB456C /* FloatExtensions.swift */; };
		D0A2DCE81FD9406D00AB456C /* SignedNumericExtensions.swift in Sources */ = {isa = PBXBuildFile; fileRef = D0A2DCD91FD9406D00AB456C /* SignedNumericExtensions.swift */; };
		D0A2DCE91FD9406D00AB456C /* StringExtensions.swift in Sources */ = {isa = PBXBuildFile; fileRef = D0A2DCDA1FD9406D00AB456C /* StringExtensions.swift */; };
		D0A2DCEA1FD9406D00AB456C /* DoubleExtensions.swift in Sources */ = {isa = PBXBuildFile; fileRef = D0A2DCDB1FD9406D00AB456C /* DoubleExtensions.swift */; };
		D0A2DCEB1FD9406D00AB456C /* CharacterExtensions.swift in Sources */ = {isa = PBXBuildFile; fileRef = D0A2DCDC1FD9406D00AB456C /* CharacterExtensions.swift */; };
		D0A2DCEC1FD9406D00AB456C /* BoolExtension.swift in Sources */ = {isa = PBXBuildFile; fileRef = D0A2DCDD1FD9406D00AB456C /* BoolExtension.swift */; };
		D0A2DCED1FD9406D00AB456C /* FloatingPointExtensions.swift in Sources */ = {isa = PBXBuildFile; fileRef = D0A2DCDE1FD9406D00AB456C /* FloatingPointExtensions.swift */; };
		D0A2DCEE1FD9406D00AB456C /* IntExtensions.swift in Sources */ = {isa = PBXBuildFile; fileRef = D0A2DCDF1FD9406D00AB456C /* IntExtensions.swift */; };
		D0A2DCEF1FD9406D00AB456C /* OptionalExtensions.swift in Sources */ = {isa = PBXBuildFile; fileRef = D0A2DCE01FD9406D00AB456C /* OptionalExtensions.swift */; };
		D0A2DCF01FD9406D00AB456C /* DictonaryExtensions.swift in Sources */ = {isa = PBXBuildFile; fileRef = D0A2DCE11FD9406D00AB456C /* DictonaryExtensions.swift */; };
		D0A2DCF11FD9406D00AB456C /* CollectionExtensions.swift in Sources */ = {isa = PBXBuildFile; fileRef = D0A2DCE21FD9406D00AB456C /* CollectionExtensions.swift */; };
		D0A2DCFE1FDA4A5B00AB456C /* YYSwiftTests.swift in Sources */ = {isa = PBXBuildFile; fileRef = D0A2DCFD1FDA4A5B00AB456C /* YYSwiftTests.swift */; };
		D0A2DD001FDA4A5B00AB456C /* YYSwift.framework in Frameworks */ = {isa = PBXBuildFile; fileRef = D0A2DCC21FD93F2900AB456C /* YYSwift.framework */; };
		D0A2DD131FDA5A3800AB456C /* DataExtensions.swift in Sources */ = {isa = PBXBuildFile; fileRef = D0A2DCD41FD9406C00AB456C /* DataExtensions.swift */; };
		D0A2DD141FDA5A3800AB456C /* SignedIntegerExtensions.swift in Sources */ = {isa = PBXBuildFile; fileRef = D0A2DCD61FD9406D00AB456C /* SignedIntegerExtensions.swift */; };
		D0A2DD151FDA5A3800AB456C /* ArrayExtensions.swift in Sources */ = {isa = PBXBuildFile; fileRef = D0A2DCD71FD9406D00AB456C /* ArrayExtensions.swift */; };
		D0A2DD161FDA5A3800AB456C /* FloatExtensions.swift in Sources */ = {isa = PBXBuildFile; fileRef = D0A2DCD81FD9406D00AB456C /* FloatExtensions.swift */; };
		D0A2DD171FDA5A3800AB456C /* SignedNumericExtensions.swift in Sources */ = {isa = PBXBuildFile; fileRef = D0A2DCD91FD9406D00AB456C /* SignedNumericExtensions.swift */; };
		D0A2DD181FDA5A3800AB456C /* StringExtensions.swift in Sources */ = {isa = PBXBuildFile; fileRef = D0A2DCDA1FD9406D00AB456C /* StringExtensions.swift */; };
		D0A2DD191FDA5A3800AB456C /* DoubleExtensions.swift in Sources */ = {isa = PBXBuildFile; fileRef = D0A2DCDB1FD9406D00AB456C /* DoubleExtensions.swift */; };
		D0A2DD1A1FDA5A3800AB456C /* CharacterExtensions.swift in Sources */ = {isa = PBXBuildFile; fileRef = D0A2DCDC1FD9406D00AB456C /* CharacterExtensions.swift */; };
		D0A2DD1B1FDA5A3800AB456C /* BoolExtension.swift in Sources */ = {isa = PBXBuildFile; fileRef = D0A2DCDD1FD9406D00AB456C /* BoolExtension.swift */; };
		D0A2DD1C1FDA5A3800AB456C /* FloatingPointExtensions.swift in Sources */ = {isa = PBXBuildFile; fileRef = D0A2DCDE1FD9406D00AB456C /* FloatingPointExtensions.swift */; };
		D0A2DD1D1FDA5A3800AB456C /* IntExtensions.swift in Sources */ = {isa = PBXBuildFile; fileRef = D0A2DCDF1FD9406D00AB456C /* IntExtensions.swift */; };
		D0A2DD1E1FDA5A3800AB456C /* OptionalExtensions.swift in Sources */ = {isa = PBXBuildFile; fileRef = D0A2DCE01FD9406D00AB456C /* OptionalExtensions.swift */; };
		D0A2DD1F1FDA5A3800AB456C /* DictonaryExtensions.swift in Sources */ = {isa = PBXBuildFile; fileRef = D0A2DCE11FD9406D00AB456C /* DictonaryExtensions.swift */; };
		D0A2DD201FDA5A3800AB456C /* CollectionExtensions.swift in Sources */ = {isa = PBXBuildFile; fileRef = D0A2DCE21FD9406D00AB456C /* CollectionExtensions.swift */; };
		D0A2DD2A1FDA5CD500AB456C /* YYSwift.framework in Frameworks */ = {isa = PBXBuildFile; fileRef = D0A2DD0B1FDA572200AB456C /* YYSwift.framework */; };
		D0A2DD311FDA5DA500AB456C /* Tests-macOS.swift in Sources */ = {isa = PBXBuildFile; fileRef = D0A2DD301FDA5DA500AB456C /* Tests-macOS.swift */; };
		D0A2DD551FDA60FA00AB456C /* YYSwift.framework in Frameworks */ = {isa = PBXBuildFile; fileRef = D0A2DD441FDA609200AB456C /* YYSwift.framework */; };
		D0A2DD601FDA661100AB456C /* Tests-tvOS.swift in Sources */ = {isa = PBXBuildFile; fileRef = D0A2DD5F1FDA661100AB456C /* Tests-tvOS.swift */; };
		D0A2DD611FDA664F00AB456C /* DataExtensions.swift in Sources */ = {isa = PBXBuildFile; fileRef = D0A2DCD41FD9406C00AB456C /* DataExtensions.swift */; };
		D0A2DD621FDA664F00AB456C /* SignedIntegerExtensions.swift in Sources */ = {isa = PBXBuildFile; fileRef = D0A2DCD61FD9406D00AB456C /* SignedIntegerExtensions.swift */; };
		D0A2DD631FDA664F00AB456C /* ArrayExtensions.swift in Sources */ = {isa = PBXBuildFile; fileRef = D0A2DCD71FD9406D00AB456C /* ArrayExtensions.swift */; };
		D0A2DD641FDA664F00AB456C /* FloatExtensions.swift in Sources */ = {isa = PBXBuildFile; fileRef = D0A2DCD81FD9406D00AB456C /* FloatExtensions.swift */; };
		D0A2DD651FDA664F00AB456C /* SignedNumericExtensions.swift in Sources */ = {isa = PBXBuildFile; fileRef = D0A2DCD91FD9406D00AB456C /* SignedNumericExtensions.swift */; };
		D0A2DD661FDA664F00AB456C /* StringExtensions.swift in Sources */ = {isa = PBXBuildFile; fileRef = D0A2DCDA1FD9406D00AB456C /* StringExtensions.swift */; };
		D0A2DD671FDA664F00AB456C /* DoubleExtensions.swift in Sources */ = {isa = PBXBuildFile; fileRef = D0A2DCDB1FD9406D00AB456C /* DoubleExtensions.swift */; };
		D0A2DD681FDA664F00AB456C /* CharacterExtensions.swift in Sources */ = {isa = PBXBuildFile; fileRef = D0A2DCDC1FD9406D00AB456C /* CharacterExtensions.swift */; };
		D0A2DD691FDA664F00AB456C /* BoolExtension.swift in Sources */ = {isa = PBXBuildFile; fileRef = D0A2DCDD1FD9406D00AB456C /* BoolExtension.swift */; };
		D0A2DD6A1FDA664F00AB456C /* FloatingPointExtensions.swift in Sources */ = {isa = PBXBuildFile; fileRef = D0A2DCDE1FD9406D00AB456C /* FloatingPointExtensions.swift */; };
		D0A2DD6B1FDA664F00AB456C /* IntExtensions.swift in Sources */ = {isa = PBXBuildFile; fileRef = D0A2DCDF1FD9406D00AB456C /* IntExtensions.swift */; };
		D0A2DD6C1FDA664F00AB456C /* OptionalExtensions.swift in Sources */ = {isa = PBXBuildFile; fileRef = D0A2DCE01FD9406D00AB456C /* OptionalExtensions.swift */; };
		D0A2DD6D1FDA664F00AB456C /* DictonaryExtensions.swift in Sources */ = {isa = PBXBuildFile; fileRef = D0A2DCE11FD9406D00AB456C /* DictonaryExtensions.swift */; };
		D0A2DD6E1FDA664F00AB456C /* CollectionExtensions.swift in Sources */ = {isa = PBXBuildFile; fileRef = D0A2DCE21FD9406D00AB456C /* CollectionExtensions.swift */; };
		D0A2DD6F1FDA685500AB456C /* DataExtensions.swift in Sources */ = {isa = PBXBuildFile; fileRef = D0A2DCD41FD9406C00AB456C /* DataExtensions.swift */; };
		D0A2DD701FDA685500AB456C /* SignedIntegerExtensions.swift in Sources */ = {isa = PBXBuildFile; fileRef = D0A2DCD61FD9406D00AB456C /* SignedIntegerExtensions.swift */; };
		D0A2DD711FDA685500AB456C /* ArrayExtensions.swift in Sources */ = {isa = PBXBuildFile; fileRef = D0A2DCD71FD9406D00AB456C /* ArrayExtensions.swift */; };
		D0A2DD721FDA685500AB456C /* FloatExtensions.swift in Sources */ = {isa = PBXBuildFile; fileRef = D0A2DCD81FD9406D00AB456C /* FloatExtensions.swift */; };
		D0A2DD731FDA685500AB456C /* SignedNumericExtensions.swift in Sources */ = {isa = PBXBuildFile; fileRef = D0A2DCD91FD9406D00AB456C /* SignedNumericExtensions.swift */; };
		D0A2DD741FDA685500AB456C /* StringExtensions.swift in Sources */ = {isa = PBXBuildFile; fileRef = D0A2DCDA1FD9406D00AB456C /* StringExtensions.swift */; };
		D0A2DD751FDA685500AB456C /* DoubleExtensions.swift in Sources */ = {isa = PBXBuildFile; fileRef = D0A2DCDB1FD9406D00AB456C /* DoubleExtensions.swift */; };
		D0A2DD761FDA685500AB456C /* CharacterExtensions.swift in Sources */ = {isa = PBXBuildFile; fileRef = D0A2DCDC1FD9406D00AB456C /* CharacterExtensions.swift */; };
		D0A2DD771FDA685500AB456C /* BoolExtension.swift in Sources */ = {isa = PBXBuildFile; fileRef = D0A2DCDD1FD9406D00AB456C /* BoolExtension.swift */; };
		D0A2DD781FDA685500AB456C /* FloatingPointExtensions.swift in Sources */ = {isa = PBXBuildFile; fileRef = D0A2DCDE1FD9406D00AB456C /* FloatingPointExtensions.swift */; };
		D0A2DD791FDA685500AB456C /* IntExtensions.swift in Sources */ = {isa = PBXBuildFile; fileRef = D0A2DCDF1FD9406D00AB456C /* IntExtensions.swift */; };
		D0A2DD7A1FDA685500AB456C /* OptionalExtensions.swift in Sources */ = {isa = PBXBuildFile; fileRef = D0A2DCE01FD9406D00AB456C /* OptionalExtensions.swift */; };
		D0A2DD7B1FDA685500AB456C /* DictonaryExtensions.swift in Sources */ = {isa = PBXBuildFile; fileRef = D0A2DCE11FD9406D00AB456C /* DictonaryExtensions.swift */; };
		D0A2DD7C1FDA685500AB456C /* CollectionExtensions.swift in Sources */ = {isa = PBXBuildFile; fileRef = D0A2DCE21FD9406D00AB456C /* CollectionExtensions.swift */; };
		D0A2DD7F1FDA870A00AB456C /* DateExtensions.swift in Sources */ = {isa = PBXBuildFile; fileRef = D0A2DD7E1FDA870A00AB456C /* DateExtensions.swift */; };
		D0A2DD801FDA870A00AB456C /* DateExtensions.swift in Sources */ = {isa = PBXBuildFile; fileRef = D0A2DD7E1FDA870A00AB456C /* DateExtensions.swift */; };
		D0A2DD811FDA870A00AB456C /* DateExtensions.swift in Sources */ = {isa = PBXBuildFile; fileRef = D0A2DD7E1FDA870A00AB456C /* DateExtensions.swift */; };
		D0A2DD821FDA870A00AB456C /* DateExtensions.swift in Sources */ = {isa = PBXBuildFile; fileRef = D0A2DD7E1FDA870A00AB456C /* DateExtensions.swift */; };
		D0BF342D1FDFEBEA0008B900 /* Namespace.swift in Sources */ = {isa = PBXBuildFile; fileRef = D0BF342C1FDFEBEA0008B900 /* Namespace.swift */; };
		D0BF342E1FDFEBEA0008B900 /* Namespace.swift in Sources */ = {isa = PBXBuildFile; fileRef = D0BF342C1FDFEBEA0008B900 /* Namespace.swift */; };
		D0BF342F1FDFEBEA0008B900 /* Namespace.swift in Sources */ = {isa = PBXBuildFile; fileRef = D0BF342C1FDFEBEA0008B900 /* Namespace.swift */; };
		D0BF34301FDFEBEA0008B900 /* Namespace.swift in Sources */ = {isa = PBXBuildFile; fileRef = D0BF342C1FDFEBEA0008B900 /* Namespace.swift */; };
		D0CE15D41FE8E1010034E503 /* YYTimer.swift in Sources */ = {isa = PBXBuildFile; fileRef = D0CE15D31FE8E1010034E503 /* YYTimer.swift */; };
		D0CE15D51FE8E1010034E503 /* YYTimer.swift in Sources */ = {isa = PBXBuildFile; fileRef = D0CE15D31FE8E1010034E503 /* YYTimer.swift */; };
		D0CE15D61FE8E1010034E503 /* YYTimer.swift in Sources */ = {isa = PBXBuildFile; fileRef = D0CE15D31FE8E1010034E503 /* YYTimer.swift */; };
		D0CE15D71FE8E1010034E503 /* YYTimer.swift in Sources */ = {isa = PBXBuildFile; fileRef = D0CE15D31FE8E1010034E503 /* YYTimer.swift */; };
		D0CE15DA1FE8E6EC0034E503 /* UIAlertControllerExtensions.swift in Sources */ = {isa = PBXBuildFile; fileRef = D0CE15D91FE8E6EC0034E503 /* UIAlertControllerExtensions.swift */; };
		D0CE15E21FE929E90034E503 /* UIDeviceExtensions.swift in Sources */ = {isa = PBXBuildFile; fileRef = D0CE15E11FE929E90034E503 /* UIDeviceExtensions.swift */; };
		D0CE15E41FE929E90034E503 /* UIDeviceExtensions.swift in Sources */ = {isa = PBXBuildFile; fileRef = D0CE15E11FE929E90034E503 /* UIDeviceExtensions.swift */; };
		D0CE15E81FEA01E20034E503 /* UIBarButtonItemExtensions.swift in Sources */ = {isa = PBXBuildFile; fileRef = D0CE15E71FEA01E20034E503 /* UIBarButtonItemExtensions.swift */; };
		D0CE15E91FEA01E20034E503 /* UIBarButtonItemExtensions.swift in Sources */ = {isa = PBXBuildFile; fileRef = D0CE15E71FEA01E20034E503 /* UIBarButtonItemExtensions.swift */; };
		D0CE15F31FEA04F40034E503 /* UIButtonExtensions.swift in Sources */ = {isa = PBXBuildFile; fileRef = D0CE15F21FEA04F40034E503 /* UIButtonExtensions.swift */; };
		D0CE15F41FEA04F40034E503 /* UIButtonExtensions.swift in Sources */ = {isa = PBXBuildFile; fileRef = D0CE15F21FEA04F40034E503 /* UIButtonExtensions.swift */; };
		D0CE15FA1FEA3F240034E503 /* UICollectionViewExtensions.swift in Sources */ = {isa = PBXBuildFile; fileRef = D0CE15F91FEA3F240034E503 /* UICollectionViewExtensions.swift */; };
		D0CE15FB1FEA3F240034E503 /* UICollectionViewExtensions.swift in Sources */ = {isa = PBXBuildFile; fileRef = D0CE15F91FEA3F240034E503 /* UICollectionViewExtensions.swift */; };
		D0CE15FD1FEA46810034E503 /* UIFontExtensions.swift in Sources */ = {isa = PBXBuildFile; fileRef = D0CE15FC1FEA46810034E503 /* UIFontExtensions.swift */; };
		D0CE15FE1FEA46810034E503 /* UIFontExtensions.swift in Sources */ = {isa = PBXBuildFile; fileRef = D0CE15FC1FEA46810034E503 /* UIFontExtensions.swift */; };
		D0CE15FF1FEA46810034E503 /* UIFontExtensions.swift in Sources */ = {isa = PBXBuildFile; fileRef = D0CE15FC1FEA46810034E503 /* UIFontExtensions.swift */; };
		D0CE16011FEA84780034E503 /* UIControlExtensions.swift in Sources */ = {isa = PBXBuildFile; fileRef = D0CE16001FEA84780034E503 /* UIControlExtensions.swift */; };
		D0CE16021FEA84780034E503 /* UIControlExtensions.swift in Sources */ = {isa = PBXBuildFile; fileRef = D0CE16001FEA84780034E503 /* UIControlExtensions.swift */; };
		D0CE16041FEA971A0034E503 /* OptionSetExtensions.swift in Sources */ = {isa = PBXBuildFile; fileRef = D0CE16031FEA971A0034E503 /* OptionSetExtensions.swift */; };
		D0CE16051FEA971A0034E503 /* OptionSetExtensions.swift in Sources */ = {isa = PBXBuildFile; fileRef = D0CE16031FEA971A0034E503 /* OptionSetExtensions.swift */; };
		D0CE16061FEA971A0034E503 /* OptionSetExtensions.swift in Sources */ = {isa = PBXBuildFile; fileRef = D0CE16031FEA971A0034E503 /* OptionSetExtensions.swift */; };
		D0CE16071FEA971A0034E503 /* OptionSetExtensions.swift in Sources */ = {isa = PBXBuildFile; fileRef = D0CE16031FEA971A0034E503 /* OptionSetExtensions.swift */; };
		D0CE160D1FEB978F0034E503 /* UISwitchExtensions.swift in Sources */ = {isa = PBXBuildFile; fileRef = D0CE160C1FEB978F0034E503 /* UISwitchExtensions.swift */; };
		D0D688431FDE794900CB0AAD /* ColorExtensions.swift in Sources */ = {isa = PBXBuildFile; fileRef = D0D688421FDE794900CB0AAD /* ColorExtensions.swift */; };
		D0D688441FDE794900CB0AAD /* ColorExtensions.swift in Sources */ = {isa = PBXBuildFile; fileRef = D0D688421FDE794900CB0AAD /* ColorExtensions.swift */; };
		D0D688451FDE794900CB0AAD /* ColorExtensions.swift in Sources */ = {isa = PBXBuildFile; fileRef = D0D688421FDE794900CB0AAD /* ColorExtensions.swift */; };
		D0D688461FDE794900CB0AAD /* ColorExtensions.swift in Sources */ = {isa = PBXBuildFile; fileRef = D0D688421FDE794900CB0AAD /* ColorExtensions.swift */; };
/* End PBXBuildFile section */

/* Begin PBXContainerItemProxy section */
		D0A2DD011FDA4A5B00AB456C /* PBXContainerItemProxy */ = {
			isa = PBXContainerItemProxy;
			containerPortal = D0A2DCB91FD93F2900AB456C /* Project object */;
			proxyType = 1;
			remoteGlobalIDString = D0A2DCC11FD93F2900AB456C;
			remoteInfo = YYSwift;
		};
		D0A2DD2B1FDA5CD500AB456C /* PBXContainerItemProxy */ = {
			isa = PBXContainerItemProxy;
			containerPortal = D0A2DCB91FD93F2900AB456C /* Project object */;
			proxyType = 1;
			remoteGlobalIDString = D0A2DD0A1FDA572200AB456C;
			remoteInfo = "YYSwift-macOS";
		};
		D0A2DD561FDA60FA00AB456C /* PBXContainerItemProxy */ = {
			isa = PBXContainerItemProxy;
			containerPortal = D0A2DCB91FD93F2900AB456C /* Project object */;
			proxyType = 1;
			remoteGlobalIDString = D0A2DD431FDA609200AB456C;
			remoteInfo = "YYSWift-tvOS";
		};
/* End PBXContainerItemProxy section */

/* Begin PBXFileReference section */
		D05B92701FED044F006C918C /* UIImageExtensions.swift */ = {isa = PBXFileReference; lastKnownFileType = sourcecode.swift; path = UIImageExtensions.swift; sourceTree = "<group>"; };
		D06DAEA01FDBC08E004AB12C /* NSPredicateExtensions.swift */ = {isa = PBXFileReference; lastKnownFileType = sourcecode.swift; path = NSPredicateExtensions.swift; sourceTree = "<group>"; };
		D06DAEA51FDBC137004AB12C /* URLExtensions.swift */ = {isa = PBXFileReference; lastKnownFileType = sourcecode.swift; path = URLExtensions.swift; sourceTree = "<group>"; };
		D06DAEAA1FDBC2AC004AB12C /* URLRequestExtensions.swift */ = {isa = PBXFileReference; lastKnownFileType = sourcecode.swift; path = URLRequestExtensions.swift; sourceTree = "<group>"; };
		D06DAEAF1FDBC2E9004AB12C /* UserDefaultsExtensions.swift */ = {isa = PBXFileReference; lastKnownFileType = sourcecode.swift; path = UserDefaultsExtensions.swift; sourceTree = "<group>"; };
		D06DAEB41FDBC990004AB12C /* NotificationCenterExtensions.swift */ = {isa = PBXFileReference; lastKnownFileType = sourcecode.swift; path = NotificationCenterExtensions.swift; sourceTree = "<group>"; };
		D06DAED91FDD4ABE004AB12C /* NSKeyedUnarchiverExtensions.swift */ = {isa = PBXFileReference; lastKnownFileType = sourcecode.swift; path = NSKeyedUnarchiverExtensions.swift; sourceTree = "<group>"; };
		D06DAEE51FDD7BF2004AB12C /* BundleExtensions.swift */ = {isa = PBXFileReference; lastKnownFileType = sourcecode.swift; path = BundleExtensions.swift; sourceTree = "<group>"; };
		D06FEAC61FE13628006D7915 /* CGFloatExtensions.swift */ = {isa = PBXFileReference; lastKnownFileType = sourcecode.swift; path = CGFloatExtensions.swift; sourceTree = "<group>"; };
		D0A2DCC21FD93F2900AB456C /* YYSwift.framework */ = {isa = PBXFileReference; explicitFileType = wrapper.framework; includeInIndex = 0; path = YYSwift.framework; sourceTree = BUILT_PRODUCTS_DIR; };
		D0A2DCCE1FD93FD000AB456C /* Info.plist */ = {isa = PBXFileReference; fileEncoding = 4; lastKnownFileType = text.plist.xml; path = Info.plist; sourceTree = "<group>"; };
		D0A2DCD11FD9406C00AB456C /* include.h */ = {isa = PBXFileReference; fileEncoding = 4; lastKnownFileType = sourcecode.c.h; path = include.h; sourceTree = "<group>"; };
		D0A2DCD21FD9406C00AB456C /* module.map */ = {isa = PBXFileReference; fileEncoding = 4; lastKnownFileType = "sourcecode.module-map"; path = module.map; sourceTree = "<group>"; };
		D0A2DCD41FD9406C00AB456C /* DataExtensions.swift */ = {isa = PBXFileReference; fileEncoding = 4; lastKnownFileType = sourcecode.swift; path = DataExtensions.swift; sourceTree = "<group>"; };
		D0A2DCD61FD9406D00AB456C /* SignedIntegerExtensions.swift */ = {isa = PBXFileReference; fileEncoding = 4; lastKnownFileType = sourcecode.swift; path = SignedIntegerExtensions.swift; sourceTree = "<group>"; };
		D0A2DCD71FD9406D00AB456C /* ArrayExtensions.swift */ = {isa = PBXFileReference; fileEncoding = 4; lastKnownFileType = sourcecode.swift; path = ArrayExtensions.swift; sourceTree = "<group>"; };
		D0A2DCD81FD9406D00AB456C /* FloatExtensions.swift */ = {isa = PBXFileReference; fileEncoding = 4; lastKnownFileType = sourcecode.swift; path = FloatExtensions.swift; sourceTree = "<group>"; };
		D0A2DCD91FD9406D00AB456C /* SignedNumericExtensions.swift */ = {isa = PBXFileReference; fileEncoding = 4; lastKnownFileType = sourcecode.swift; path = SignedNumericExtensions.swift; sourceTree = "<group>"; };
		D0A2DCDA1FD9406D00AB456C /* StringExtensions.swift */ = {isa = PBXFileReference; fileEncoding = 4; lastKnownFileType = sourcecode.swift; path = StringExtensions.swift; sourceTree = "<group>"; };
		D0A2DCDB1FD9406D00AB456C /* DoubleExtensions.swift */ = {isa = PBXFileReference; fileEncoding = 4; lastKnownFileType = sourcecode.swift; path = DoubleExtensions.swift; sourceTree = "<group>"; };
		D0A2DCDC1FD9406D00AB456C /* CharacterExtensions.swift */ = {isa = PBXFileReference; fileEncoding = 4; lastKnownFileType = sourcecode.swift; path = CharacterExtensions.swift; sourceTree = "<group>"; };
		D0A2DCDD1FD9406D00AB456C /* BoolExtension.swift */ = {isa = PBXFileReference; fileEncoding = 4; lastKnownFileType = sourcecode.swift; path = BoolExtension.swift; sourceTree = "<group>"; };
		D0A2DCDE1FD9406D00AB456C /* FloatingPointExtensions.swift */ = {isa = PBXFileReference; fileEncoding = 4; lastKnownFileType = sourcecode.swift; path = FloatingPointExtensions.swift; sourceTree = "<group>"; };
		D0A2DCDF1FD9406D00AB456C /* IntExtensions.swift */ = {isa = PBXFileReference; fileEncoding = 4; lastKnownFileType = sourcecode.swift; path = IntExtensions.swift; sourceTree = "<group>"; };
		D0A2DCE01FD9406D00AB456C /* OptionalExtensions.swift */ = {isa = PBXFileReference; fileEncoding = 4; lastKnownFileType = sourcecode.swift; path = OptionalExtensions.swift; sourceTree = "<group>"; };
		D0A2DCE11FD9406D00AB456C /* DictonaryExtensions.swift */ = {isa = PBXFileReference; fileEncoding = 4; lastKnownFileType = sourcecode.swift; path = DictonaryExtensions.swift; sourceTree = "<group>"; };
		D0A2DCE21FD9406D00AB456C /* CollectionExtensions.swift */ = {isa = PBXFileReference; fileEncoding = 4; lastKnownFileType = sourcecode.swift; path = CollectionExtensions.swift; sourceTree = "<group>"; };
		D0A2DCFB1FDA4A5B00AB456C /* YYSwiftTests-iOS.xctest */ = {isa = PBXFileReference; explicitFileType = wrapper.cfbundle; includeInIndex = 0; path = "YYSwiftTests-iOS.xctest"; sourceTree = BUILT_PRODUCTS_DIR; };
		D0A2DCFD1FDA4A5B00AB456C /* YYSwiftTests.swift */ = {isa = PBXFileReference; lastKnownFileType = sourcecode.swift; path = YYSwiftTests.swift; sourceTree = "<group>"; };
		D0A2DD0B1FDA572200AB456C /* YYSwift.framework */ = {isa = PBXFileReference; explicitFileType = wrapper.framework; includeInIndex = 0; path = YYSwift.framework; sourceTree = BUILT_PRODUCTS_DIR; };
		D0A2DD251FDA5CD500AB456C /* YYSwiftTests-macOS.xctest */ = {isa = PBXFileReference; explicitFileType = wrapper.cfbundle; includeInIndex = 0; path = "YYSwiftTests-macOS.xctest"; sourceTree = BUILT_PRODUCTS_DIR; };
		D0A2DD301FDA5DA500AB456C /* Tests-macOS.swift */ = {isa = PBXFileReference; lastKnownFileType = sourcecode.swift; path = "Tests-macOS.swift"; sourceTree = "<group>"; };
		D0A2DD371FDA5F7E00AB456C /* YYSwift.framework */ = {isa = PBXFileReference; explicitFileType = wrapper.framework; includeInIndex = 0; path = YYSwift.framework; sourceTree = BUILT_PRODUCTS_DIR; };
		D0A2DD441FDA609200AB456C /* YYSwift.framework */ = {isa = PBXFileReference; explicitFileType = wrapper.framework; includeInIndex = 0; path = YYSwift.framework; sourceTree = BUILT_PRODUCTS_DIR; };
		D0A2DD501FDA60FA00AB456C /* YYSwiftTests-tvOS.xctest */ = {isa = PBXFileReference; explicitFileType = wrapper.cfbundle; includeInIndex = 0; path = "YYSwiftTests-tvOS.xctest"; sourceTree = BUILT_PRODUCTS_DIR; };
		D0A2DD5F1FDA661100AB456C /* Tests-tvOS.swift */ = {isa = PBXFileReference; lastKnownFileType = sourcecode.swift; path = "Tests-tvOS.swift"; sourceTree = "<group>"; };
		D0A2DD7E1FDA870A00AB456C /* DateExtensions.swift */ = {isa = PBXFileReference; lastKnownFileType = sourcecode.swift; path = DateExtensions.swift; sourceTree = "<group>"; };
		D0BF342C1FDFEBEA0008B900 /* Namespace.swift */ = {isa = PBXFileReference; lastKnownFileType = sourcecode.swift; path = Namespace.swift; sourceTree = "<group>"; };
		D0CE15D31FE8E1010034E503 /* YYTimer.swift */ = {isa = PBXFileReference; fileEncoding = 4; lastKnownFileType = sourcecode.swift; path = YYTimer.swift; sourceTree = "<group>"; };
		D0CE15D91FE8E6EC0034E503 /* UIAlertControllerExtensions.swift */ = {isa = PBXFileReference; lastKnownFileType = sourcecode.swift; path = UIAlertControllerExtensions.swift; sourceTree = "<group>"; };
		D0CE15E11FE929E90034E503 /* UIDeviceExtensions.swift */ = {isa = PBXFileReference; fileEncoding = 4; lastKnownFileType = sourcecode.swift; path = UIDeviceExtensions.swift; sourceTree = "<group>"; };
		D0CE15E71FEA01E20034E503 /* UIBarButtonItemExtensions.swift */ = {isa = PBXFileReference; lastKnownFileType = sourcecode.swift; path = UIBarButtonItemExtensions.swift; sourceTree = "<group>"; };
		D0CE15F21FEA04F40034E503 /* UIButtonExtensions.swift */ = {isa = PBXFileReference; lastKnownFileType = sourcecode.swift; path = UIButtonExtensions.swift; sourceTree = "<group>"; };
		D0CE15F91FEA3F240034E503 /* UICollectionViewExtensions.swift */ = {isa = PBXFileReference; lastKnownFileType = sourcecode.swift; path = UICollectionViewExtensions.swift; sourceTree = "<group>"; };
		D0CE15FC1FEA46810034E503 /* UIFontExtensions.swift */ = {isa = PBXFileReference; lastKnownFileType = sourcecode.swift; path = UIFontExtensions.swift; sourceTree = "<group>"; };
		D0CE16001FEA84780034E503 /* UIControlExtensions.swift */ = {isa = PBXFileReference; lastKnownFileType = sourcecode.swift; path = UIControlExtensions.swift; sourceTree = "<group>"; };
		D0CE16031FEA971A0034E503 /* OptionSetExtensions.swift */ = {isa = PBXFileReference; lastKnownFileType = sourcecode.swift; path = OptionSetExtensions.swift; sourceTree = "<group>"; };
		D0CE160C1FEB978F0034E503 /* UISwitchExtensions.swift */ = {isa = PBXFileReference; lastKnownFileType = sourcecode.swift; path = UISwitchExtensions.swift; sourceTree = "<group>"; };
		D0D688421FDE794900CB0AAD /* ColorExtensions.swift */ = {isa = PBXFileReference; lastKnownFileType = sourcecode.swift; path = ColorExtensions.swift; sourceTree = "<group>"; };
/* End PBXFileReference section */

/* Begin PBXFrameworksBuildPhase section */
		D0A2DCBE1FD93F2900AB456C /* Frameworks */ = {
			isa = PBXFrameworksBuildPhase;
			buildActionMask = 2147483647;
			files = (
			);
			runOnlyForDeploymentPostprocessing = 0;
		};
		D0A2DCF81FDA4A5B00AB456C /* Frameworks */ = {
			isa = PBXFrameworksBuildPhase;
			buildActionMask = 2147483647;
			files = (
				D0A2DD001FDA4A5B00AB456C /* YYSwift.framework in Frameworks */,
			);
			runOnlyForDeploymentPostprocessing = 0;
		};
		D0A2DD071FDA572200AB456C /* Frameworks */ = {
			isa = PBXFrameworksBuildPhase;
			buildActionMask = 2147483647;
			files = (
			);
			runOnlyForDeploymentPostprocessing = 0;
		};
		D0A2DD221FDA5CD500AB456C /* Frameworks */ = {
			isa = PBXFrameworksBuildPhase;
			buildActionMask = 2147483647;
			files = (
				D0A2DD2A1FDA5CD500AB456C /* YYSwift.framework in Frameworks */,
			);
			runOnlyForDeploymentPostprocessing = 0;
		};
		D0A2DD331FDA5F7E00AB456C /* Frameworks */ = {
			isa = PBXFrameworksBuildPhase;
			buildActionMask = 2147483647;
			files = (
			);
			runOnlyForDeploymentPostprocessing = 0;
		};
		D0A2DD401FDA609200AB456C /* Frameworks */ = {
			isa = PBXFrameworksBuildPhase;
			buildActionMask = 2147483647;
			files = (
			);
			runOnlyForDeploymentPostprocessing = 0;
		};
		D0A2DD4D1FDA60FA00AB456C /* Frameworks */ = {
			isa = PBXFrameworksBuildPhase;
			buildActionMask = 2147483647;
			files = (
				D0A2DD551FDA60FA00AB456C /* YYSwift.framework in Frameworks */,
			);
			runOnlyForDeploymentPostprocessing = 0;
		};
/* End PBXFrameworksBuildPhase section */

/* Begin PBXGroup section */
		D06FEAC51FE13611006D7915 /* CoreGraphics */ = {
			isa = PBXGroup;
			children = (
				D06FEAC61FE13628006D7915 /* CGFloatExtensions.swift */,
			);
			path = CoreGraphics;
			sourceTree = "<group>";
		};
		D0A2DCB81FD93F2900AB456C = {
			isa = PBXGroup;
			children = (
				D0A2DCCD1FD93FD000AB456C /* Sources */,
				D0A2DD7D1FDA7D5500AB456C /* Tests */,
				D0A2DCC31FD93F2900AB456C /* Products */,
			);
			sourceTree = "<group>";
		};
		D0A2DCC31FD93F2900AB456C /* Products */ = {
			isa = PBXGroup;
			children = (
				D0A2DCC21FD93F2900AB456C /* YYSwift.framework */,
				D0A2DCFB1FDA4A5B00AB456C /* YYSwiftTests-iOS.xctest */,
				D0A2DD0B1FDA572200AB456C /* YYSwift.framework */,
				D0A2DD251FDA5CD500AB456C /* YYSwiftTests-macOS.xctest */,
				D0A2DD371FDA5F7E00AB456C /* YYSwift.framework */,
				D0A2DD441FDA609200AB456C /* YYSwift.framework */,
				D0A2DD501FDA60FA00AB456C /* YYSwiftTests-tvOS.xctest */,
			);
			name = Products;
			sourceTree = "<group>";
		};
		D0A2DCCD1FD93FD000AB456C /* Sources */ = {
			isa = PBXGroup;
			children = (
				D0CE15D81FE8E6C90034E503 /* UIKit */,
				D0CE15D21FE8E0E60034E503 /* Utility */,
				D06FEAC51FE13611006D7915 /* CoreGraphics */,
				D0D688411FDE792C00CB0AAD /* Shared */,
				D0A2DCD01FD9406C00AB456C /* ModuleMap */,
				D0A2DCD31FD9406C00AB456C /* Foundation */,
				D0A2DCD51FD9406D00AB456C /* StandardLibrary */,
				D0BF342C1FDFEBEA0008B900 /* Namespace.swift */,
				D0A2DCCE1FD93FD000AB456C /* Info.plist */,
			);
			path = Sources;
			sourceTree = "<group>";
		};
		D0A2DCD01FD9406C00AB456C /* ModuleMap */ = {
			isa = PBXGroup;
			children = (
				D0A2DCD11FD9406C00AB456C /* include.h */,
				D0A2DCD21FD9406C00AB456C /* module.map */,
			);
			path = ModuleMap;
			sourceTree = "<group>";
		};
		D0A2DCD31FD9406C00AB456C /* Foundation */ = {
			isa = PBXGroup;
			children = (
				D0A2DCD41FD9406C00AB456C /* DataExtensions.swift */,
				D0A2DD7E1FDA870A00AB456C /* DateExtensions.swift */,
				D06DAEA01FDBC08E004AB12C /* NSPredicateExtensions.swift */,
				D06DAEA51FDBC137004AB12C /* URLExtensions.swift */,
				D06DAEAA1FDBC2AC004AB12C /* URLRequestExtensions.swift */,
				D06DAEAF1FDBC2E9004AB12C /* UserDefaultsExtensions.swift */,
				D06DAEB41FDBC990004AB12C /* NotificationCenterExtensions.swift */,
				D06DAED91FDD4ABE004AB12C /* NSKeyedUnarchiverExtensions.swift */,
				D06DAEE51FDD7BF2004AB12C /* BundleExtensions.swift */,
			);
			path = Foundation;
			sourceTree = "<group>";
		};
		D0A2DCD51FD9406D00AB456C /* StandardLibrary */ = {
			isa = PBXGroup;
			children = (
				D0A2DCD71FD9406D00AB456C /* ArrayExtensions.swift */,
				D0A2DCDD1FD9406D00AB456C /* BoolExtension.swift */,
				D0A2DCDC1FD9406D00AB456C /* CharacterExtensions.swift */,
				D0A2DCE21FD9406D00AB456C /* CollectionExtensions.swift */,
				D0A2DCE11FD9406D00AB456C /* DictonaryExtensions.swift */,
				D0A2DCDB1FD9406D00AB456C /* DoubleExtensions.swift */,
				D0A2DCD81FD9406D00AB456C /* FloatExtensions.swift */,
				D0A2DCDE1FD9406D00AB456C /* FloatingPointExtensions.swift */,
				D0A2DCDF1FD9406D00AB456C /* IntExtensions.swift */,
				D0A2DCE01FD9406D00AB456C /* OptionalExtensions.swift */,
				D0CE16031FEA971A0034E503 /* OptionSetExtensions.swift */,
				D0A2DCD61FD9406D00AB456C /* SignedIntegerExtensions.swift */,
				D0A2DCD91FD9406D00AB456C /* SignedNumericExtensions.swift */,
				D0A2DCDA1FD9406D00AB456C /* StringExtensions.swift */,
			);
			path = StandardLibrary;
			sourceTree = "<group>";
		};
		D0A2DD7D1FDA7D5500AB456C /* Tests */ = {
			isa = PBXGroup;
			children = (
				D0A2DCFD1FDA4A5B00AB456C /* YYSwiftTests.swift */,
				D0A2DD301FDA5DA500AB456C /* Tests-macOS.swift */,
				D0A2DD5F1FDA661100AB456C /* Tests-tvOS.swift */,
			);
			path = Tests;
			sourceTree = "<group>";
		};
		D0CE15D21FE8E0E60034E503 /* Utility */ = {
			isa = PBXGroup;
			children = (
				D0CE15D31FE8E1010034E503 /* YYTimer.swift */,
			);
			path = Utility;
			sourceTree = "<group>";
		};
		D0CE15D81FE8E6C90034E503 /* UIKit */ = {
			isa = PBXGroup;
			children = (
				D0CE15D91FE8E6EC0034E503 /* UIAlertControllerExtensions.swift */,
				D0CE15E11FE929E90034E503 /* UIDeviceExtensions.swift */,
				D0CE15E71FEA01E20034E503 /* UIBarButtonItemExtensions.swift */,
				D0CE15F21FEA04F40034E503 /* UIButtonExtensions.swift */,
				D0CE15F91FEA3F240034E503 /* UICollectionViewExtensions.swift */,
				D0CE15FC1FEA46810034E503 /* UIFontExtensions.swift */,
				D0CE16001FEA84780034E503 /* UIControlExtensions.swift */,
				D0CE160C1FEB978F0034E503 /* UISwitchExtensions.swift */,
				D05B92701FED044F006C918C /* UIImageExtensions.swift */,
			);
			path = UIKit;
			sourceTree = "<group>";
		};
		D0D688411FDE792C00CB0AAD /* Shared */ = {
			isa = PBXGroup;
			children = (
				D0D688421FDE794900CB0AAD /* ColorExtensions.swift */,
			);
			path = Shared;
			sourceTree = "<group>";
		};
/* End PBXGroup section */

/* Begin PBXHeadersBuildPhase section */
		D0A2DCBF1FD93F2900AB456C /* Headers */ = {
			isa = PBXHeadersBuildPhase;
			buildActionMask = 2147483647;
			files = (
				D0A2DCE31FD9406D00AB456C /* include.h in Headers */,
			);
			runOnlyForDeploymentPostprocessing = 0;
		};
		D0A2DD081FDA572200AB456C /* Headers */ = {
			isa = PBXHeadersBuildPhase;
			buildActionMask = 2147483647;
			files = (
			);
			runOnlyForDeploymentPostprocessing = 0;
		};
		D0A2DD341FDA5F7E00AB456C /* Headers */ = {
			isa = PBXHeadersBuildPhase;
			buildActionMask = 2147483647;
			files = (
			);
			runOnlyForDeploymentPostprocessing = 0;
		};
		D0A2DD411FDA609200AB456C /* Headers */ = {
			isa = PBXHeadersBuildPhase;
			buildActionMask = 2147483647;
			files = (
			);
			runOnlyForDeploymentPostprocessing = 0;
		};
/* End PBXHeadersBuildPhase section */

/* Begin PBXNativeTarget section */
		D0A2DCC11FD93F2900AB456C /* YYSwift-iOS */ = {
			isa = PBXNativeTarget;
			buildConfigurationList = D0A2DCCA1FD93F2900AB456C /* Build configuration list for PBXNativeTarget "YYSwift-iOS" */;
			buildPhases = (
				D0A2DCBD1FD93F2900AB456C /* Sources */,
				D0A2DCBE1FD93F2900AB456C /* Frameworks */,
				D0A2DCBF1FD93F2900AB456C /* Headers */,
				D0A2DCC01FD93F2900AB456C /* Resources */,
			);
			buildRules = (
			);
			dependencies = (
			);
			name = "YYSwift-iOS";
			productName = YYSwift;
			productReference = D0A2DCC21FD93F2900AB456C /* YYSwift.framework */;
			productType = "com.apple.product-type.framework";
		};
		D0A2DCFA1FDA4A5B00AB456C /* YYSwiftTests-iOS */ = {
			isa = PBXNativeTarget;
			buildConfigurationList = D0A2DD031FDA4A5B00AB456C /* Build configuration list for PBXNativeTarget "YYSwiftTests-iOS" */;
			buildPhases = (
				D0A2DCF71FDA4A5B00AB456C /* Sources */,
				D0A2DCF81FDA4A5B00AB456C /* Frameworks */,
				D0A2DCF91FDA4A5B00AB456C /* Resources */,
			);
			buildRules = (
			);
			dependencies = (
				D0A2DD021FDA4A5B00AB456C /* PBXTargetDependency */,
			);
			name = "YYSwiftTests-iOS";
			productName = YYSwiftTests;
			productReference = D0A2DCFB1FDA4A5B00AB456C /* YYSwiftTests-iOS.xctest */;
			productType = "com.apple.product-type.bundle.unit-test";
		};
		D0A2DD0A1FDA572200AB456C /* YYSwift-macOS */ = {
			isa = PBXNativeTarget;
			buildConfigurationList = D0A2DD101FDA572300AB456C /* Build configuration list for PBXNativeTarget "YYSwift-macOS" */;
			buildPhases = (
				D0A2DD061FDA572200AB456C /* Sources */,
				D0A2DD071FDA572200AB456C /* Frameworks */,
				D0A2DD081FDA572200AB456C /* Headers */,
				D0A2DD091FDA572200AB456C /* Resources */,
			);
			buildRules = (
			);
			dependencies = (
			);
			name = "YYSwift-macOS";
			productName = "YYSwift-macOS";
			productReference = D0A2DD0B1FDA572200AB456C /* YYSwift.framework */;
			productType = "com.apple.product-type.framework";
		};
		D0A2DD241FDA5CD500AB456C /* YYSwiftTests-macOS */ = {
			isa = PBXNativeTarget;
			buildConfigurationList = D0A2DD2D1FDA5CD500AB456C /* Build configuration list for PBXNativeTarget "YYSwiftTests-macOS" */;
			buildPhases = (
				D0A2DD211FDA5CD500AB456C /* Sources */,
				D0A2DD221FDA5CD500AB456C /* Frameworks */,
				D0A2DD231FDA5CD500AB456C /* Resources */,
			);
			buildRules = (
			);
			dependencies = (
				D0A2DD2C1FDA5CD500AB456C /* PBXTargetDependency */,
			);
			name = "YYSwiftTests-macOS";
			productName = "YYSwiftTests-macOS";
			productReference = D0A2DD251FDA5CD500AB456C /* YYSwiftTests-macOS.xctest */;
			productType = "com.apple.product-type.bundle.unit-test";
		};
		D0A2DD361FDA5F7E00AB456C /* YYSwift-watchOS */ = {
			isa = PBXNativeTarget;
			buildConfigurationList = D0A2DD3C1FDA5F7E00AB456C /* Build configuration list for PBXNativeTarget "YYSwift-watchOS" */;
			buildPhases = (
				D0A2DD321FDA5F7E00AB456C /* Sources */,
				D0A2DD331FDA5F7E00AB456C /* Frameworks */,
				D0A2DD341FDA5F7E00AB456C /* Headers */,
				D0A2DD351FDA5F7E00AB456C /* Resources */,
			);
			buildRules = (
			);
			dependencies = (
			);
			name = "YYSwift-watchOS";
			productName = "YYSwift-watchOS";
			productReference = D0A2DD371FDA5F7E00AB456C /* YYSwift.framework */;
			productType = "com.apple.product-type.framework";
		};
		D0A2DD431FDA609200AB456C /* YYSWift-tvOS */ = {
			isa = PBXNativeTarget;
			buildConfigurationList = D0A2DD491FDA609200AB456C /* Build configuration list for PBXNativeTarget "YYSWift-tvOS" */;
			buildPhases = (
				D0A2DD3F1FDA609200AB456C /* Sources */,
				D0A2DD401FDA609200AB456C /* Frameworks */,
				D0A2DD411FDA609200AB456C /* Headers */,
				D0A2DD421FDA609200AB456C /* Resources */,
			);
			buildRules = (
			);
			dependencies = (
			);
			name = "YYSWift-tvOS";
			productName = "YYSWift-tvOS";
			productReference = D0A2DD441FDA609200AB456C /* YYSwift.framework */;
			productType = "com.apple.product-type.framework";
		};
		D0A2DD4F1FDA60FA00AB456C /* YYSwiftTests-tvOS */ = {
			isa = PBXNativeTarget;
			buildConfigurationList = D0A2DD581FDA60FA00AB456C /* Build configuration list for PBXNativeTarget "YYSwiftTests-tvOS" */;
			buildPhases = (
				D0A2DD4C1FDA60FA00AB456C /* Sources */,
				D0A2DD4D1FDA60FA00AB456C /* Frameworks */,
				D0A2DD4E1FDA60FA00AB456C /* Resources */,
			);
			buildRules = (
			);
			dependencies = (
				D0A2DD571FDA60FA00AB456C /* PBXTargetDependency */,
			);
			name = "YYSwiftTests-tvOS";
			productName = "YYSwiftTests-tvOS";
			productReference = D0A2DD501FDA60FA00AB456C /* YYSwiftTests-tvOS.xctest */;
			productType = "com.apple.product-type.bundle.unit-test";
		};
/* End PBXNativeTarget section */

/* Begin PBXProject section */
		D0A2DCB91FD93F2900AB456C /* Project object */ = {
			isa = PBXProject;
			attributes = {
				LastSwiftUpdateCheck = 0920;
				LastUpgradeCheck = 0920;
				ORGANIZATIONNAME = Phoenix;
				TargetAttributes = {
					D0A2DCC11FD93F2900AB456C = {
						CreatedOnToolsVersion = 9.2;
						ProvisioningStyle = Automatic;
					};
					D0A2DCFA1FDA4A5B00AB456C = {
						CreatedOnToolsVersion = 9.2;
						ProvisioningStyle = Automatic;
					};
					D0A2DD0A1FDA572200AB456C = {
						CreatedOnToolsVersion = 9.2;
						ProvisioningStyle = Automatic;
					};
					D0A2DD241FDA5CD500AB456C = {
						CreatedOnToolsVersion = 9.2;
						LastSwiftMigration = 0920;
						ProvisioningStyle = Automatic;
					};
					D0A2DD361FDA5F7E00AB456C = {
						CreatedOnToolsVersion = 9.2;
						ProvisioningStyle = Automatic;
					};
					D0A2DD431FDA609200AB456C = {
						CreatedOnToolsVersion = 9.2;
						ProvisioningStyle = Automatic;
					};
					D0A2DD4F1FDA60FA00AB456C = {
						CreatedOnToolsVersion = 9.2;
						LastSwiftMigration = 0920;
						ProvisioningStyle = Automatic;
					};
				};
			};
			buildConfigurationList = D0A2DCBC1FD93F2900AB456C /* Build configuration list for PBXProject "YYSwift" */;
			compatibilityVersion = "Xcode 8.0";
			developmentRegion = en;
			hasScannedForEncodings = 0;
			knownRegions = (
				en,
			);
			mainGroup = D0A2DCB81FD93F2900AB456C;
			productRefGroup = D0A2DCC31FD93F2900AB456C /* Products */;
			projectDirPath = "";
			projectRoot = "";
			targets = (
				D0A2DCC11FD93F2900AB456C /* YYSwift-iOS */,
				D0A2DCFA1FDA4A5B00AB456C /* YYSwiftTests-iOS */,
				D0A2DD0A1FDA572200AB456C /* YYSwift-macOS */,
				D0A2DD241FDA5CD500AB456C /* YYSwiftTests-macOS */,
				D0A2DD361FDA5F7E00AB456C /* YYSwift-watchOS */,
				D0A2DD431FDA609200AB456C /* YYSWift-tvOS */,
				D0A2DD4F1FDA60FA00AB456C /* YYSwiftTests-tvOS */,
			);
		};
/* End PBXProject section */

/* Begin PBXResourcesBuildPhase section */
		D0A2DCC01FD93F2900AB456C /* Resources */ = {
			isa = PBXResourcesBuildPhase;
			buildActionMask = 2147483647;
			files = (
				D0A2DCCF1FD93FD100AB456C /* Info.plist in Resources */,
			);
			runOnlyForDeploymentPostprocessing = 0;
		};
		D0A2DCF91FDA4A5B00AB456C /* Resources */ = {
			isa = PBXResourcesBuildPhase;
			buildActionMask = 2147483647;
			files = (
			);
			runOnlyForDeploymentPostprocessing = 0;
		};
		D0A2DD091FDA572200AB456C /* Resources */ = {
			isa = PBXResourcesBuildPhase;
			buildActionMask = 2147483647;
			files = (
			);
			runOnlyForDeploymentPostprocessing = 0;
		};
		D0A2DD231FDA5CD500AB456C /* Resources */ = {
			isa = PBXResourcesBuildPhase;
			buildActionMask = 2147483647;
			files = (
			);
			runOnlyForDeploymentPostprocessing = 0;
		};
		D0A2DD351FDA5F7E00AB456C /* Resources */ = {
			isa = PBXResourcesBuildPhase;
			buildActionMask = 2147483647;
			files = (
			);
			runOnlyForDeploymentPostprocessing = 0;
		};
		D0A2DD421FDA609200AB456C /* Resources */ = {
			isa = PBXResourcesBuildPhase;
			buildActionMask = 2147483647;
			files = (
			);
			runOnlyForDeploymentPostprocessing = 0;
		};
		D0A2DD4E1FDA60FA00AB456C /* Resources */ = {
			isa = PBXResourcesBuildPhase;
			buildActionMask = 2147483647;
			files = (
			);
			runOnlyForDeploymentPostprocessing = 0;
		};
/* End PBXResourcesBuildPhase section */

/* Begin PBXSourcesBuildPhase section */
		D0A2DCBD1FD93F2900AB456C /* Sources */ = {
			isa = PBXSourcesBuildPhase;
			buildActionMask = 2147483647;
			files = (
				D0A2DCE91FD9406D00AB456C /* StringExtensions.swift in Sources */,
				D0A2DCF11FD9406D00AB456C /* CollectionExtensions.swift in Sources */,
				D0A2DCEF1FD9406D00AB456C /* OptionalExtensions.swift in Sources */,
				D06DAEE61FDD7BF2004AB12C /* BundleExtensions.swift in Sources */,
				D0CE15DA1FE8E6EC0034E503 /* UIAlertControllerExtensions.swift in Sources */,
				D06FEAC71FE13628006D7915 /* CGFloatExtensions.swift in Sources */,
				D0A2DCEB1FD9406D00AB456C /* CharacterExtensions.swift in Sources */,
				D0A2DCE51FD9406D00AB456C /* SignedIntegerExtensions.swift in Sources */,
				D06DAEDA1FDD4ABE004AB12C /* NSKeyedUnarchiverExtensions.swift in Sources */,
				D0BF342D1FDFEBEA0008B900 /* Namespace.swift in Sources */,
				D0CE15D41FE8E1010034E503 /* YYTimer.swift in Sources */,
				D0A2DCE61FD9406D00AB456C /* ArrayExtensions.swift in Sources */,
				D0A2DCEE1FD9406D00AB456C /* IntExtensions.swift in Sources */,
				D0CE15E21FE929E90034E503 /* UIDeviceExtensions.swift in Sources */,
				D0CE16011FEA84780034E503 /* UIControlExtensions.swift in Sources */,
				D0CE15FA1FEA3F240034E503 /* UICollectionViewExtensions.swift in Sources */,
				D0A2DCE81FD9406D00AB456C /* SignedNumericExtensions.swift in Sources */,
				D0CE15F31FEA04F40034E503 /* UIButtonExtensions.swift in Sources */,
				D06DAEA11FDBC08E004AB12C /* NSPredicateExtensions.swift in Sources */,
				D0A2DCEA1FD9406D00AB456C /* DoubleExtensions.swift in Sources */,
				D0A2DCED1FD9406D00AB456C /* FloatingPointExtensions.swift in Sources */,
				D0D688431FDE794900CB0AAD /* ColorExtensions.swift in Sources */,
				D06DAEA61FDBC137004AB12C /* URLExtensions.swift in Sources */,
				D0CE15FD1FEA46810034E503 /* UIFontExtensions.swift in Sources */,
				D0A2DCEC1FD9406D00AB456C /* BoolExtension.swift in Sources */,
				D06DAEAB1FDBC2AC004AB12C /* URLRequestExtensions.swift in Sources */,
				D0CE160D1FEB978F0034E503 /* UISwitchExtensions.swift in Sources */,
				D05B92711FED044F006C918C /* UIImageExtensions.swift in Sources */,
				D0A2DD7F1FDA870A00AB456C /* DateExtensions.swift in Sources */,
				D06DAEB01FDBC2E9004AB12C /* UserDefaultsExtensions.swift in Sources */,
				D0A2DCE71FD9406D00AB456C /* FloatExtensions.swift in Sources */,
				D0CE16041FEA971A0034E503 /* OptionSetExtensions.swift in Sources */,
				D06DAEB51FDBC990004AB12C /* NotificationCenterExtensions.swift in Sources */,
				D0A2DCF01FD9406D00AB456C /* DictonaryExtensions.swift in Sources */,
				D0A2DCE41FD9406D00AB456C /* DataExtensions.swift in Sources */,
				D0CE15E81FEA01E20034E503 /* UIBarButtonItemExtensions.swift in Sources */,
			);
			runOnlyForDeploymentPostprocessing = 0;
		};
		D0A2DCF71FDA4A5B00AB456C /* Sources */ = {
			isa = PBXSourcesBuildPhase;
			buildActionMask = 2147483647;
			files = (
				D0A2DCFE1FDA4A5B00AB456C /* YYSwiftTests.swift in Sources */,
			);
			runOnlyForDeploymentPostprocessing = 0;
		};
		D0A2DD061FDA572200AB456C /* Sources */ = {
			isa = PBXSourcesBuildPhase;
			buildActionMask = 2147483647;
			files = (
				D0A2DD131FDA5A3800AB456C /* DataExtensions.swift in Sources */,
				D0A2DD141FDA5A3800AB456C /* SignedIntegerExtensions.swift in Sources */,
				D06FEAC81FE13630006D7915 /* CGFloatExtensions.swift in Sources */,
				D0A2DD151FDA5A3800AB456C /* ArrayExtensions.swift in Sources */,
				D0A2DD161FDA5A3800AB456C /* FloatExtensions.swift in Sources */,
				D0A2DD171FDA5A3800AB456C /* SignedNumericExtensions.swift in Sources */,
				D06DAEDB1FDD4ABE004AB12C /* NSKeyedUnarchiverExtensions.swift in Sources */,
				D0A2DD181FDA5A3800AB456C /* StringExtensions.swift in Sources */,
				D0CE15D51FE8E1010034E503 /* YYTimer.swift in Sources */,
				D0A2DD191FDA5A3800AB456C /* DoubleExtensions.swift in Sources */,
				D0A2DD1A1FDA5A3800AB456C /* CharacterExtensions.swift in Sources */,
				D06DAEA21FDBC08E004AB12C /* NSPredicateExtensions.swift in Sources */,
				D0A2DD1B1FDA5A3800AB456C /* BoolExtension.swift in Sources */,
				D0D688441FDE794900CB0AAD /* ColorExtensions.swift in Sources */,
				D0A2DD1C1FDA5A3800AB456C /* FloatingPointExtensions.swift in Sources */,
				D06DAEA71FDBC137004AB12C /* URLExtensions.swift in Sources */,
				D0A2DD1D1FDA5A3800AB456C /* IntExtensions.swift in Sources */,
				D0CE16051FEA971A0034E503 /* OptionSetExtensions.swift in Sources */,
				D06DAEAC1FDBC2AC004AB12C /* URLRequestExtensions.swift in Sources */,
				D0A2DD801FDA870A00AB456C /* DateExtensions.swift in Sources */,
				D0BF342E1FDFEBEA0008B900 /* Namespace.swift in Sources */,
				D06DAEB11FDBC2E9004AB12C /* UserDefaultsExtensions.swift in Sources */,
				D0A2DD1E1FDA5A3800AB456C /* OptionalExtensions.swift in Sources */,
				D06DAEB61FDBC990004AB12C /* NotificationCenterExtensions.swift in Sources */,
				D0A2DD1F1FDA5A3800AB456C /* DictonaryExtensions.swift in Sources */,
				D0A2DD201FDA5A3800AB456C /* CollectionExtensions.swift in Sources */,
			);
			runOnlyForDeploymentPostprocessing = 0;
		};
		D0A2DD211FDA5CD500AB456C /* Sources */ = {
			isa = PBXSourcesBuildPhase;
			buildActionMask = 2147483647;
			files = (
				D0A2DD311FDA5DA500AB456C /* Tests-macOS.swift in Sources */,
			);
			runOnlyForDeploymentPostprocessing = 0;
		};
		D0A2DD321FDA5F7E00AB456C /* Sources */ = {
			isa = PBXSourcesBuildPhase;
			buildActionMask = 2147483647;
			files = (
				D0A2DD611FDA664F00AB456C /* DataExtensions.swift in Sources */,
				D0CE16061FEA971A0034E503 /* OptionSetExtensions.swift in Sources */,
				D0A2DD621FDA664F00AB456C /* SignedIntegerExtensions.swift in Sources */,
				D0CE15FE1FEA46810034E503 /* UIFontExtensions.swift in Sources */,
				D06FEAC91FE13630006D7915 /* CGFloatExtensions.swift in Sources */,
				D0A2DD631FDA664F00AB456C /* ArrayExtensions.swift in Sources */,
				D0A2DD641FDA664F00AB456C /* FloatExtensions.swift in Sources */,
				D0A2DD651FDA664F00AB456C /* SignedNumericExtensions.swift in Sources */,
				D06DAEDC1FDD4ABE004AB12C /* NSKeyedUnarchiverExtensions.swift in Sources */,
				D0A2DD661FDA664F00AB456C /* StringExtensions.swift in Sources */,
				D0CE15D61FE8E1010034E503 /* YYTimer.swift in Sources */,
				D0A2DD671FDA664F00AB456C /* DoubleExtensions.swift in Sources */,
				D0A2DD681FDA664F00AB456C /* CharacterExtensions.swift in Sources */,
				D06DAEA31FDBC08E004AB12C /* NSPredicateExtensions.swift in Sources */,
				D0A2DD691FDA664F00AB456C /* BoolExtension.swift in Sources */,
				D0D688451FDE794900CB0AAD /* ColorExtensions.swift in Sources */,
				D0A2DD6A1FDA664F00AB456C /* FloatingPointExtensions.swift in Sources */,
				D06DAEA81FDBC137004AB12C /* URLExtensions.swift in Sources */,
				D0A2DD6B1FDA664F00AB456C /* IntExtensions.swift in Sources */,
				D06DAEAD1FDBC2AC004AB12C /* URLRequestExtensions.swift in Sources */,
				D0A2DD811FDA870A00AB456C /* DateExtensions.swift in Sources */,
				D0BF342F1FDFEBEA0008B900 /* Namespace.swift in Sources */,
				D06DAEB21FDBC2E9004AB12C /* UserDefaultsExtensions.swift in Sources */,
				D05B92721FED044F006C918C /* UIImageExtensions.swift in Sources */,
				D0A2DD6C1FDA664F00AB456C /* OptionalExtensions.swift in Sources */,
				D06DAEB71FDBC990004AB12C /* NotificationCenterExtensions.swift in Sources */,
				D0A2DD6D1FDA664F00AB456C /* DictonaryExtensions.swift in Sources */,
				D0A2DD6E1FDA664F00AB456C /* CollectionExtensions.swift in Sources */,
			);
			runOnlyForDeploymentPostprocessing = 0;
		};
		D0A2DD3F1FDA609200AB456C /* Sources */ = {
			isa = PBXSourcesBuildPhase;
			buildActionMask = 2147483647;
			files = (
				D0CE15FB1FEA3F240034E503 /* UICollectionViewExtensions.swift in Sources */,
				D0A2DD6F1FDA685500AB456C /* DataExtensions.swift in Sources */,
				D0CE15FF1FEA46810034E503 /* UIFontExtensions.swift in Sources */,
				D0A2DD701FDA685500AB456C /* SignedIntegerExtensions.swift in Sources */,
				D06FEACA1FE13631006D7915 /* CGFloatExtensions.swift in Sources */,
				D0A2DD711FDA685500AB456C /* ArrayExtensions.swift in Sources */,
				D0A2DD721FDA685500AB456C /* FloatExtensions.swift in Sources */,
				D0A2DD731FDA685500AB456C /* SignedNumericExtensions.swift in Sources */,
				D06DAEDD1FDD4ABE004AB12C /* NSKeyedUnarchiverExtensions.swift in Sources */,
				D0CE16071FEA971A0034E503 /* OptionSetExtensions.swift in Sources */,
				D0A2DD741FDA685500AB456C /* StringExtensions.swift in Sources */,
				D0CE15D71FE8E1010034E503 /* YYTimer.swift in Sources */,
				D05B92731FED044F006C918C /* UIImageExtensions.swift in Sources */,
				D0CE16021FEA84780034E503 /* UIControlExtensions.swift in Sources */,
				D0A2DD751FDA685500AB456C /* DoubleExtensions.swift in Sources */,
				D0A2DD761FDA685500AB456C /* CharacterExtensions.swift in Sources */,
				D06DAEA41FDBC08E004AB12C /* NSPredicateExtensions.swift in Sources */,
				D0A2DD771FDA685500AB456C /* BoolExtension.swift in Sources */,
				D0CE15F41FEA04F40034E503 /* UIButtonExtensions.swift in Sources */,
				D0D688461FDE794900CB0AAD /* ColorExtensions.swift in Sources */,
				D0A2DD781FDA685500AB456C /* FloatingPointExtensions.swift in Sources */,
				D0CE15E41FE929E90034E503 /* UIDeviceExtensions.swift in Sources */,
				D0CE15E91FEA01E20034E503 /* UIBarButtonItemExtensions.swift in Sources */,
				D06DAEA91FDBC137004AB12C /* URLExtensions.swift in Sources */,
				D0A2DD791FDA685500AB456C /* IntExtensions.swift in Sources */,
				D06DAEAE1FDBC2AC004AB12C /* URLRequestExtensions.swift in Sources */,
				D0A2DD821FDA870A00AB456C /* DateExtensions.swift in Sources */,
				D0BF34301FDFEBEA0008B900 /* Namespace.swift in Sources */,
				D06DAEB31FDBC2E9004AB12C /* UserDefaultsExtensions.swift in Sources */,
				D0A2DD7A1FDA685500AB456C /* OptionalExtensions.swift in Sources */,
				D06DAEB81FDBC990004AB12C /* NotificationCenterExtensions.swift in Sources */,
				D0A2DD7B1FDA685500AB456C /* DictonaryExtensions.swift in Sources */,
				D0A2DD7C1FDA685500AB456C /* CollectionExtensions.swift in Sources */,
			);
			runOnlyForDeploymentPostprocessing = 0;
		};
		D0A2DD4C1FDA60FA00AB456C /* Sources */ = {
			isa = PBXSourcesBuildPhase;
			buildActionMask = 2147483647;
			files = (
				D0A2DD601FDA661100AB456C /* Tests-tvOS.swift in Sources */,
			);
			runOnlyForDeploymentPostprocessing = 0;
		};
/* End PBXSourcesBuildPhase section */

/* Begin PBXTargetDependency section */
		D0A2DD021FDA4A5B00AB456C /* PBXTargetDependency */ = {
			isa = PBXTargetDependency;
			target = D0A2DCC11FD93F2900AB456C /* YYSwift-iOS */;
			targetProxy = D0A2DD011FDA4A5B00AB456C /* PBXContainerItemProxy */;
		};
		D0A2DD2C1FDA5CD500AB456C /* PBXTargetDependency */ = {
			isa = PBXTargetDependency;
			target = D0A2DD0A1FDA572200AB456C /* YYSwift-macOS */;
			targetProxy = D0A2DD2B1FDA5CD500AB456C /* PBXContainerItemProxy */;
		};
		D0A2DD571FDA60FA00AB456C /* PBXTargetDependency */ = {
			isa = PBXTargetDependency;
			target = D0A2DD431FDA609200AB456C /* YYSWift-tvOS */;
			targetProxy = D0A2DD561FDA60FA00AB456C /* PBXContainerItemProxy */;
		};
/* End PBXTargetDependency section */

/* Begin XCBuildConfiguration section */
		D0A2DCC81FD93F2900AB456C /* Debug */ = {
			isa = XCBuildConfiguration;
			buildSettings = {
				ALWAYS_SEARCH_USER_PATHS = NO;
				CLANG_ANALYZER_NONNULL = YES;
				CLANG_ANALYZER_NUMBER_OBJECT_CONVERSION = YES_AGGRESSIVE;
				CLANG_CXX_LANGUAGE_STANDARD = "gnu++14";
				CLANG_CXX_LIBRARY = "libc++";
				CLANG_ENABLE_MODULES = YES;
				CLANG_ENABLE_OBJC_ARC = YES;
				CLANG_WARN_BLOCK_CAPTURE_AUTORELEASING = YES;
				CLANG_WARN_BOOL_CONVERSION = YES;
				CLANG_WARN_COMMA = YES;
				CLANG_WARN_CONSTANT_CONVERSION = YES;
				CLANG_WARN_DIRECT_OBJC_ISA_USAGE = YES_ERROR;
				CLANG_WARN_DOCUMENTATION_COMMENTS = YES;
				CLANG_WARN_EMPTY_BODY = YES;
				CLANG_WARN_ENUM_CONVERSION = YES;
				CLANG_WARN_INFINITE_RECURSION = YES;
				CLANG_WARN_INT_CONVERSION = YES;
				CLANG_WARN_NON_LITERAL_NULL_CONVERSION = YES;
				CLANG_WARN_OBJC_LITERAL_CONVERSION = YES;
				CLANG_WARN_OBJC_ROOT_CLASS = YES_ERROR;
				CLANG_WARN_RANGE_LOOP_ANALYSIS = YES;
				CLANG_WARN_STRICT_PROTOTYPES = YES;
				CLANG_WARN_SUSPICIOUS_MOVE = YES;
				CLANG_WARN_UNGUARDED_AVAILABILITY = YES_AGGRESSIVE;
				CLANG_WARN_UNREACHABLE_CODE = YES;
				CLANG_WARN__DUPLICATE_METHOD_MATCH = YES;
				CODE_SIGN_IDENTITY = "iPhone Developer";
				COPY_PHASE_STRIP = NO;
				CURRENT_PROJECT_VERSION = 1;
				DEBUG_INFORMATION_FORMAT = dwarf;
				ENABLE_STRICT_OBJC_MSGSEND = YES;
				ENABLE_TESTABILITY = YES;
				GCC_C_LANGUAGE_STANDARD = gnu11;
				GCC_DYNAMIC_NO_PIC = NO;
				GCC_NO_COMMON_BLOCKS = YES;
				GCC_OPTIMIZATION_LEVEL = 0;
				GCC_PREPROCESSOR_DEFINITIONS = (
					"DEBUG=1",
					"$(inherited)",
				);
				GCC_WARN_64_TO_32_BIT_CONVERSION = YES;
				GCC_WARN_ABOUT_RETURN_TYPE = YES_ERROR;
				GCC_WARN_UNDECLARED_SELECTOR = YES;
				GCC_WARN_UNINITIALIZED_AUTOS = YES_AGGRESSIVE;
				GCC_WARN_UNUSED_FUNCTION = YES;
				GCC_WARN_UNUSED_VARIABLE = YES;
				IPHONEOS_DEPLOYMENT_TARGET = 11.2;
				MTL_ENABLE_DEBUG_INFO = YES;
				ONLY_ACTIVE_ARCH = YES;
				SDKROOT = iphoneos;
				SWIFT_ACTIVE_COMPILATION_CONDITIONS = DEBUG;
				SWIFT_OPTIMIZATION_LEVEL = "-Onone";
				VERSIONING_SYSTEM = "apple-generic";
				VERSION_INFO_PREFIX = "";
			};
			name = Debug;
		};
		D0A2DCC91FD93F2900AB456C /* Release */ = {
			isa = XCBuildConfiguration;
			buildSettings = {
				ALWAYS_SEARCH_USER_PATHS = NO;
				CLANG_ANALYZER_NONNULL = YES;
				CLANG_ANALYZER_NUMBER_OBJECT_CONVERSION = YES_AGGRESSIVE;
				CLANG_CXX_LANGUAGE_STANDARD = "gnu++14";
				CLANG_CXX_LIBRARY = "libc++";
				CLANG_ENABLE_MODULES = YES;
				CLANG_ENABLE_OBJC_ARC = YES;
				CLANG_WARN_BLOCK_CAPTURE_AUTORELEASING = YES;
				CLANG_WARN_BOOL_CONVERSION = YES;
				CLANG_WARN_COMMA = YES;
				CLANG_WARN_CONSTANT_CONVERSION = YES;
				CLANG_WARN_DIRECT_OBJC_ISA_USAGE = YES_ERROR;
				CLANG_WARN_DOCUMENTATION_COMMENTS = YES;
				CLANG_WARN_EMPTY_BODY = YES;
				CLANG_WARN_ENUM_CONVERSION = YES;
				CLANG_WARN_INFINITE_RECURSION = YES;
				CLANG_WARN_INT_CONVERSION = YES;
				CLANG_WARN_NON_LITERAL_NULL_CONVERSION = YES;
				CLANG_WARN_OBJC_LITERAL_CONVERSION = YES;
				CLANG_WARN_OBJC_ROOT_CLASS = YES_ERROR;
				CLANG_WARN_RANGE_LOOP_ANALYSIS = YES;
				CLANG_WARN_STRICT_PROTOTYPES = YES;
				CLANG_WARN_SUSPICIOUS_MOVE = YES;
				CLANG_WARN_UNGUARDED_AVAILABILITY = YES_AGGRESSIVE;
				CLANG_WARN_UNREACHABLE_CODE = YES;
				CLANG_WARN__DUPLICATE_METHOD_MATCH = YES;
				CODE_SIGN_IDENTITY = "iPhone Developer";
				COPY_PHASE_STRIP = NO;
				CURRENT_PROJECT_VERSION = 1;
				DEBUG_INFORMATION_FORMAT = "dwarf-with-dsym";
				ENABLE_NS_ASSERTIONS = NO;
				ENABLE_STRICT_OBJC_MSGSEND = YES;
				GCC_C_LANGUAGE_STANDARD = gnu11;
				GCC_NO_COMMON_BLOCKS = YES;
				GCC_WARN_64_TO_32_BIT_CONVERSION = YES;
				GCC_WARN_ABOUT_RETURN_TYPE = YES_ERROR;
				GCC_WARN_UNDECLARED_SELECTOR = YES;
				GCC_WARN_UNINITIALIZED_AUTOS = YES_AGGRESSIVE;
				GCC_WARN_UNUSED_FUNCTION = YES;
				GCC_WARN_UNUSED_VARIABLE = YES;
				IPHONEOS_DEPLOYMENT_TARGET = 11.2;
				MTL_ENABLE_DEBUG_INFO = NO;
				SDKROOT = iphoneos;
				SWIFT_OPTIMIZATION_LEVEL = "-Owholemodule";
				VALIDATE_PRODUCT = YES;
				VERSIONING_SYSTEM = "apple-generic";
				VERSION_INFO_PREFIX = "";
			};
			name = Release;
		};
		D0A2DCCB1FD93F2900AB456C /* Debug */ = {
			isa = XCBuildConfiguration;
			buildSettings = {
				CODE_SIGN_IDENTITY = "";
				CODE_SIGN_STYLE = Automatic;
				DEFINES_MODULE = YES;
				DEVELOPMENT_TEAM = 8TCNQ547JF;
				DYLIB_COMPATIBILITY_VERSION = 1;
				DYLIB_CURRENT_VERSION = 1;
				DYLIB_INSTALL_NAME_BASE = "@rpath";
				INFOPLIST_FILE = Sources/Info.plist;
				INSTALL_PATH = "$(LOCAL_LIBRARY_DIR)/Frameworks";
				IPHONEOS_DEPLOYMENT_TARGET = 10.0;
				LD_RUNPATH_SEARCH_PATHS = "$(inherited) @executable_path/Frameworks @loader_path/Frameworks";
				PRODUCT_BUNDLE_IDENTIFIER = com.phoenix.YYSwift;
				PRODUCT_NAME = YYSwift;
				SKIP_INSTALL = YES;
				SWIFT_INCLUDE_PATHS = "$(PROJECT_DIR)/Sources/ModuleMap";
				SWIFT_VERSION = 4.0;
				TARGETED_DEVICE_FAMILY = "1,2";
			};
			name = Debug;
		};
		D0A2DCCC1FD93F2900AB456C /* Release */ = {
			isa = XCBuildConfiguration;
			buildSettings = {
				CODE_SIGN_IDENTITY = "";
				CODE_SIGN_STYLE = Automatic;
				DEFINES_MODULE = YES;
				DEVELOPMENT_TEAM = 8TCNQ547JF;
				DYLIB_COMPATIBILITY_VERSION = 1;
				DYLIB_CURRENT_VERSION = 1;
				DYLIB_INSTALL_NAME_BASE = "@rpath";
				INFOPLIST_FILE = Sources/Info.plist;
				INSTALL_PATH = "$(LOCAL_LIBRARY_DIR)/Frameworks";
				IPHONEOS_DEPLOYMENT_TARGET = 10.0;
				LD_RUNPATH_SEARCH_PATHS = "$(inherited) @executable_path/Frameworks @loader_path/Frameworks";
				PRODUCT_BUNDLE_IDENTIFIER = com.phoenix.YYSwift;
				PRODUCT_NAME = YYSwift;
				SKIP_INSTALL = YES;
				SWIFT_INCLUDE_PATHS = "$(PROJECT_DIR)/Sources/ModuleMap";
				SWIFT_VERSION = 4.0;
				TARGETED_DEVICE_FAMILY = "1,2";
			};
			name = Release;
		};
		D0A2DD041FDA4A5B00AB456C /* Debug */ = {
			isa = XCBuildConfiguration;
			buildSettings = {
				CODE_SIGN_STYLE = Automatic;
				DEVELOPMENT_TEAM = 8TCNQ547JF;
				INFOPLIST_FILE = "";
				LD_RUNPATH_SEARCH_PATHS = "$(inherited) @executable_path/Frameworks @loader_path/Frameworks";
				PRODUCT_BUNDLE_IDENTIFIER = com.phoenix.YYSwiftTests;
				PRODUCT_NAME = "$(TARGET_NAME)";
				SWIFT_VERSION = 4.0;
				TARGETED_DEVICE_FAMILY = "1,2";
			};
			name = Debug;
		};
		D0A2DD051FDA4A5B00AB456C /* Release */ = {
			isa = XCBuildConfiguration;
			buildSettings = {
				CODE_SIGN_STYLE = Automatic;
				DEVELOPMENT_TEAM = 8TCNQ547JF;
				INFOPLIST_FILE = "";
				LD_RUNPATH_SEARCH_PATHS = "$(inherited) @executable_path/Frameworks @loader_path/Frameworks";
				PRODUCT_BUNDLE_IDENTIFIER = com.phoenix.YYSwiftTests;
				PRODUCT_NAME = "$(TARGET_NAME)";
				SWIFT_VERSION = 4.0;
				TARGETED_DEVICE_FAMILY = "1,2";
			};
			name = Release;
		};
		D0A2DD111FDA572300AB456C /* Debug */ = {
			isa = XCBuildConfiguration;
			buildSettings = {
				CODE_SIGN_IDENTITY = "Mac Developer";
				CODE_SIGN_STYLE = Automatic;
				COMBINE_HIDPI_IMAGES = YES;
				DEFINES_MODULE = YES;
				DEVELOPMENT_TEAM = 8TCNQ547JF;
				DYLIB_COMPATIBILITY_VERSION = 1;
				DYLIB_CURRENT_VERSION = 1;
				DYLIB_INSTALL_NAME_BASE = "@rpath";
				FRAMEWORK_VERSION = A;
				INFOPLIST_FILE = Sources/Info.plist;
				INSTALL_PATH = "$(LOCAL_LIBRARY_DIR)/Frameworks";
				LD_RUNPATH_SEARCH_PATHS = "$(inherited) @executable_path/../Frameworks @loader_path/Frameworks";
				MACOSX_DEPLOYMENT_TARGET = 10.10;
				PRODUCT_BUNDLE_IDENTIFIER = com.phoenix.YYSwift;
				PRODUCT_NAME = YYSwift;
				SDKROOT = macosx;
				SKIP_INSTALL = YES;
				SWIFT_INCLUDE_PATHS = "$(PROJECT_DIR)/Sources/ModuleMap";
				SWIFT_VERSION = 4.0;
			};
			name = Debug;
		};
		D0A2DD121FDA572300AB456C /* Release */ = {
			isa = XCBuildConfiguration;
			buildSettings = {
				CODE_SIGN_IDENTITY = "Mac Developer";
				CODE_SIGN_STYLE = Automatic;
				COMBINE_HIDPI_IMAGES = YES;
				DEFINES_MODULE = YES;
				DEVELOPMENT_TEAM = 8TCNQ547JF;
				DYLIB_COMPATIBILITY_VERSION = 1;
				DYLIB_CURRENT_VERSION = 1;
				DYLIB_INSTALL_NAME_BASE = "@rpath";
				FRAMEWORK_VERSION = A;
				INFOPLIST_FILE = Sources/Info.plist;
				INSTALL_PATH = "$(LOCAL_LIBRARY_DIR)/Frameworks";
				LD_RUNPATH_SEARCH_PATHS = "$(inherited) @executable_path/../Frameworks @loader_path/Frameworks";
				MACOSX_DEPLOYMENT_TARGET = 10.10;
				PRODUCT_BUNDLE_IDENTIFIER = com.phoenix.YYSwift;
				PRODUCT_NAME = YYSwift;
				SDKROOT = macosx;
				SKIP_INSTALL = YES;
				SWIFT_INCLUDE_PATHS = "$(PROJECT_DIR)/Sources/ModuleMap";
				SWIFT_VERSION = 4.0;
			};
			name = Release;
		};
		D0A2DD2E1FDA5CD500AB456C /* Debug */ = {
			isa = XCBuildConfiguration;
			buildSettings = {
				CLANG_ENABLE_MODULES = YES;
				CODE_SIGN_IDENTITY = "Mac Developer";
				CODE_SIGN_STYLE = Automatic;
				COMBINE_HIDPI_IMAGES = YES;
				DEVELOPMENT_TEAM = 8TCNQ547JF;
				INFOPLIST_FILE = "";
				LD_RUNPATH_SEARCH_PATHS = "$(inherited) @executable_path/../Frameworks @loader_path/../Frameworks";
				MACOSX_DEPLOYMENT_TARGET = 10.13;
				PRODUCT_BUNDLE_IDENTIFIER = "com.phoenix.YYSwiftTests-macOS";
				PRODUCT_NAME = "$(TARGET_NAME)";
				SDKROOT = macosx;
				SWIFT_OPTIMIZATION_LEVEL = "-Onone";
				SWIFT_VERSION = 4.0;
			};
			name = Debug;
		};
		D0A2DD2F1FDA5CD500AB456C /* Release */ = {
			isa = XCBuildConfiguration;
			buildSettings = {
				CLANG_ENABLE_MODULES = YES;
				CODE_SIGN_IDENTITY = "Mac Developer";
				CODE_SIGN_STYLE = Automatic;
				COMBINE_HIDPI_IMAGES = YES;
				DEVELOPMENT_TEAM = 8TCNQ547JF;
				INFOPLIST_FILE = "";
				LD_RUNPATH_SEARCH_PATHS = "$(inherited) @executable_path/../Frameworks @loader_path/../Frameworks";
				MACOSX_DEPLOYMENT_TARGET = 10.13;
				PRODUCT_BUNDLE_IDENTIFIER = "com.phoenix.YYSwiftTests-macOS";
				PRODUCT_NAME = "$(TARGET_NAME)";
				SDKROOT = macosx;
				SWIFT_VERSION = 4.0;
			};
			name = Release;
		};
		D0A2DD3D1FDA5F7E00AB456C /* Debug */ = {
			isa = XCBuildConfiguration;
			buildSettings = {
				APPLICATION_EXTENSION_API_ONLY = YES;
				CODE_SIGN_IDENTITY = "";
				CODE_SIGN_STYLE = Automatic;
				DEFINES_MODULE = YES;
				DEVELOPMENT_TEAM = 8TCNQ547JF;
				DYLIB_COMPATIBILITY_VERSION = 1;
				DYLIB_CURRENT_VERSION = 1;
				DYLIB_INSTALL_NAME_BASE = "@rpath";
				INFOPLIST_FILE = Sources/Info.plist;
				INSTALL_PATH = "$(LOCAL_LIBRARY_DIR)/Frameworks";
				LD_RUNPATH_SEARCH_PATHS = "$(inherited) @executable_path/Frameworks @loader_path/Frameworks";
				PRODUCT_BUNDLE_IDENTIFIER = com.phoenix.YYSwift;
				PRODUCT_NAME = YYSwift;
				SDKROOT = watchos;
				SKIP_INSTALL = YES;
				SWIFT_VERSION = 4.0;
				TARGETED_DEVICE_FAMILY = 4;
				WATCHOS_DEPLOYMENT_TARGET = 4.0;
			};
			name = Debug;
		};
		D0A2DD3E1FDA5F7E00AB456C /* Release */ = {
			isa = XCBuildConfiguration;
			buildSettings = {
				APPLICATION_EXTENSION_API_ONLY = YES;
				CODE_SIGN_IDENTITY = "";
				CODE_SIGN_STYLE = Automatic;
				DEFINES_MODULE = YES;
				DEVELOPMENT_TEAM = 8TCNQ547JF;
				DYLIB_COMPATIBILITY_VERSION = 1;
				DYLIB_CURRENT_VERSION = 1;
				DYLIB_INSTALL_NAME_BASE = "@rpath";
				INFOPLIST_FILE = Sources/Info.plist;
				INSTALL_PATH = "$(LOCAL_LIBRARY_DIR)/Frameworks";
				LD_RUNPATH_SEARCH_PATHS = "$(inherited) @executable_path/Frameworks @loader_path/Frameworks";
				PRODUCT_BUNDLE_IDENTIFIER = com.phoenix.YYSwift;
				PRODUCT_NAME = YYSwift;
				SDKROOT = watchos;
				SKIP_INSTALL = YES;
				SWIFT_VERSION = 4.0;
				TARGETED_DEVICE_FAMILY = 4;
				WATCHOS_DEPLOYMENT_TARGET = 4.0;
			};
			name = Release;
		};
		D0A2DD4A1FDA609200AB456C /* Debug */ = {
			isa = XCBuildConfiguration;
			buildSettings = {
				CODE_SIGN_IDENTITY = "";
				CODE_SIGN_STYLE = Automatic;
				DEFINES_MODULE = YES;
				DEVELOPMENT_TEAM = 8TCNQ547JF;
				DYLIB_COMPATIBILITY_VERSION = 1;
				DYLIB_CURRENT_VERSION = 1;
				DYLIB_INSTALL_NAME_BASE = "@rpath";
				INFOPLIST_FILE = Sources/Info.plist;
				INSTALL_PATH = "$(LOCAL_LIBRARY_DIR)/Frameworks";
				LD_RUNPATH_SEARCH_PATHS = "$(inherited) @executable_path/Frameworks @loader_path/Frameworks";
				PRODUCT_BUNDLE_IDENTIFIER = com.phoenix.YYSWift;
				PRODUCT_NAME = YYSwift;
				SDKROOT = appletvos;
				SKIP_INSTALL = YES;
				SWIFT_VERSION = 4.0;
				TARGETED_DEVICE_FAMILY = 3;
				TVOS_DEPLOYMENT_TARGET = 10.0;
			};
			name = Debug;
		};
		D0A2DD4B1FDA609200AB456C /* Release */ = {
			isa = XCBuildConfiguration;
			buildSettings = {
				CODE_SIGN_IDENTITY = "";
				CODE_SIGN_STYLE = Automatic;
				DEFINES_MODULE = YES;
				DEVELOPMENT_TEAM = 8TCNQ547JF;
				DYLIB_COMPATIBILITY_VERSION = 1;
				DYLIB_CURRENT_VERSION = 1;
				DYLIB_INSTALL_NAME_BASE = "@rpath";
				INFOPLIST_FILE = Sources/Info.plist;
				INSTALL_PATH = "$(LOCAL_LIBRARY_DIR)/Frameworks";
				LD_RUNPATH_SEARCH_PATHS = "$(inherited) @executable_path/Frameworks @loader_path/Frameworks";
				PRODUCT_BUNDLE_IDENTIFIER = com.phoenix.YYSWift;
				PRODUCT_NAME = YYSwift;
				SDKROOT = appletvos;
				SKIP_INSTALL = YES;
				SWIFT_VERSION = 4.0;
				TARGETED_DEVICE_FAMILY = 3;
				TVOS_DEPLOYMENT_TARGET = 10.0;
			};
			name = Release;
		};
		D0A2DD591FDA60FA00AB456C /* Debug */ = {
			isa = XCBuildConfiguration;
			buildSettings = {
				ALWAYS_EMBED_SWIFT_STANDARD_LIBRARIES = YES;
				CLANG_ENABLE_MODULES = YES;
				CODE_SIGN_STYLE = Automatic;
				DEVELOPMENT_TEAM = 8TCNQ547JF;
				INFOPLIST_FILE = "";
				LD_RUNPATH_SEARCH_PATHS = "$(inherited) @executable_path/Frameworks @loader_path/Frameworks";
				PRODUCT_BUNDLE_IDENTIFIER = "com.phoenix.YYSwiftTests-tvOS";
				PRODUCT_NAME = "$(TARGET_NAME)";
				SDKROOT = appletvos;
				SWIFT_OPTIMIZATION_LEVEL = "-Onone";
				SWIFT_VERSION = 4.0;
				TARGETED_DEVICE_FAMILY = 3;
				TVOS_DEPLOYMENT_TARGET = 11.2;
			};
			name = Debug;
		};
		D0A2DD5A1FDA60FA00AB456C /* Release */ = {
			isa = XCBuildConfiguration;
			buildSettings = {
				ALWAYS_EMBED_SWIFT_STANDARD_LIBRARIES = YES;
				CLANG_ENABLE_MODULES = YES;
				CODE_SIGN_STYLE = Automatic;
				DEVELOPMENT_TEAM = 8TCNQ547JF;
				INFOPLIST_FILE = "";
				LD_RUNPATH_SEARCH_PATHS = "$(inherited) @executable_path/Frameworks @loader_path/Frameworks";
				PRODUCT_BUNDLE_IDENTIFIER = "com.phoenix.YYSwiftTests-tvOS";
				PRODUCT_NAME = "$(TARGET_NAME)";
				SDKROOT = appletvos;
				SWIFT_VERSION = 4.0;
				TARGETED_DEVICE_FAMILY = 3;
				TVOS_DEPLOYMENT_TARGET = 11.2;
			};
			name = Release;
		};
/* End XCBuildConfiguration section */

/* Begin XCConfigurationList section */
		D0A2DCBC1FD93F2900AB456C /* Build configuration list for PBXProject "YYSwift" */ = {
			isa = XCConfigurationList;
			buildConfigurations = (
				D0A2DCC81FD93F2900AB456C /* Debug */,
				D0A2DCC91FD93F2900AB456C /* Release */,
			);
			defaultConfigurationIsVisible = 0;
			defaultConfigurationName = Release;
		};
		D0A2DCCA1FD93F2900AB456C /* Build configuration list for PBXNativeTarget "YYSwift-iOS" */ = {
			isa = XCConfigurationList;
			buildConfigurations = (
				D0A2DCCB1FD93F2900AB456C /* Debug */,
				D0A2DCCC1FD93F2900AB456C /* Release */,
			);
			defaultConfigurationIsVisible = 0;
			defaultConfigurationName = Release;
		};
		D0A2DD031FDA4A5B00AB456C /* Build configuration list for PBXNativeTarget "YYSwiftTests-iOS" */ = {
			isa = XCConfigurationList;
			buildConfigurations = (
				D0A2DD041FDA4A5B00AB456C /* Debug */,
				D0A2DD051FDA4A5B00AB456C /* Release */,
			);
			defaultConfigurationIsVisible = 0;
			defaultConfigurationName = Release;
		};
		D0A2DD101FDA572300AB456C /* Build configuration list for PBXNativeTarget "YYSwift-macOS" */ = {
			isa = XCConfigurationList;
			buildConfigurations = (
				D0A2DD111FDA572300AB456C /* Debug */,
				D0A2DD121FDA572300AB456C /* Release */,
			);
			defaultConfigurationIsVisible = 0;
			defaultConfigurationName = Release;
		};
		D0A2DD2D1FDA5CD500AB456C /* Build configuration list for PBXNativeTarget "YYSwiftTests-macOS" */ = {
			isa = XCConfigurationList;
			buildConfigurations = (
				D0A2DD2E1FDA5CD500AB456C /* Debug */,
				D0A2DD2F1FDA5CD500AB456C /* Release */,
			);
			defaultConfigurationIsVisible = 0;
			defaultConfigurationName = Release;
		};
		D0A2DD3C1FDA5F7E00AB456C /* Build configuration list for PBXNativeTarget "YYSwift-watchOS" */ = {
			isa = XCConfigurationList;
			buildConfigurations = (
				D0A2DD3D1FDA5F7E00AB456C /* Debug */,
				D0A2DD3E1FDA5F7E00AB456C /* Release */,
			);
			defaultConfigurationIsVisible = 0;
			defaultConfigurationName = Release;
		};
		D0A2DD491FDA609200AB456C /* Build configuration list for PBXNativeTarget "YYSWift-tvOS" */ = {
			isa = XCConfigurationList;
			buildConfigurations = (
				D0A2DD4A1FDA609200AB456C /* Debug */,
				D0A2DD4B1FDA609200AB456C /* Release */,
			);
			defaultConfigurationIsVisible = 0;
			defaultConfigurationName = Release;
		};
		D0A2DD581FDA60FA00AB456C /* Build configuration list for PBXNativeTarget "YYSwiftTests-tvOS" */ = {
			isa = XCConfigurationList;
			buildConfigurations = (
				D0A2DD591FDA60FA00AB456C /* Debug */,
				D0A2DD5A1FDA60FA00AB456C /* Release */,
			);
			defaultConfigurationIsVisible = 0;
			defaultConfigurationName = Release;
		};
/* End XCConfigurationList section */
	};
	rootObject = D0A2DCB91FD93F2900AB456C /* Project object */;
}
